
Microsoft Visual Studio Solution File, Format Version 11.00
# Visual Studio 10
Project("{FAE04EC0-301F-11D3-BF4B-00C04F79EFBC}") = "MT30Project", "MT30Project.csproj", "{9069865E-3C46-4491-A0F5-E1C9CFDD120A}"
EndProject
Global
	GlobalSection(SolutionConfigurationPlatforms) = preSolution
		Debug|Any CPU = Debug|Any CPU
		Release|Any CPU = Release|Any CPU
	EndGlobalSection
	GlobalSection(ProjectConfigurationPlatforms) = postSolution
		{9069865E-3C46-4491-A0F5-E1C9CFDD120A}.Debug|Any CPU.ActiveCfg = Debug|Any CPU
		{9069865E-3C46-4491-A0F5-E1C9CFDD120A}.Debug|Any CPU.Build.0 = Debug|Any CPU
		{9069865E-3C46-4491-A0F5-E1C9CFDD120A}.Release|Any CPU.ActiveCfg = Release|Any CPU
		{9069865E-3C46-4491-A0F5-E1C9CFDD120A}.Release|Any CPU.Build.0 = Release|Any CPU
	EndGlobalSection
	GlobalSection(SolutionProperties) = preSolution
		HideSolutionNode = FALSE
	EndGlobalSection
EndGlobal
