
Microsoft Visual Studio Solution File, Format Version 12.00
# Visual Studio 2012
Project("{FAE04EC0-301F-11D3-BF4B-00C04F79EFBC}") = "DesignXmlCore", "src\EFTools\DesignXmlCore\DesignXmlCore.csproj", "{6C80DBCA-16C8-48C9-9019-AB6FDED788DE}"
EndProject
Project("{FAE04EC0-301F-11D3-BF4B-00C04F79EFBC}") = "XmlCore", "src\EFTools\XmlCore\XmlCore.csproj", "{79B40A85-CDCC-4AC3-A583-77CA43CB5136}"
EndProject
Project("{FAE04EC0-301F-11D3-BF4B-00C04F79EFBC}") = "EntityDesign", "src\EFTools\EntityDesign\EntityDesign.csproj", "{F904B4BE-C7CF-4E4F-85B7-B006A2D1C561}"
EndProject
Project("{FAE04EC0-301F-11D3-BF4B-00C04F79EFBC}") = "EntityDesignBootstrapPackage", "src\EFTools\EntityDesignBootstrapPackage\EntityDesignBootstrapPackage.csproj", "{FC48CB33-A0D9-49ED-841D-CC88FD3D761D}"
EndProject
Project("{FAE04EC0-301F-11D3-BF4B-00C04F79EFBC}") = "EntityDesignDatabaseGeneration", "src\EFTools\EntityDesignDatabaseGeneration\EntityDesignDatabaseGeneration.csproj", "{15000B5C-C005-473A-BA65-EAF37E660B2C}"
EndProject
Project("{FAE04EC0-301F-11D3-BF4B-00C04F79EFBC}") = "EntityDesignDataSourceWizardExtension", "src\EFTools\EntityDesignDataSourceWizardExtension\EntityDesignDataSourceWizardExtension.csproj", "{D3E74B27-C87A-4E1C-B885-16760AD7119C}"
EndProject
Project("{FAE04EC0-301F-11D3-BF4B-00C04F79EFBC}") = "EntityDesigner", "src\EFTools\EntityDesignEntityDesigner\EntityDesigner.csproj", "{488B84C2-9358-4B90-BC2D-ED688939E6BB}"
EndProject
Project("{FAE04EC0-301F-11D3-BF4B-00C04F79EFBC}") = "EntityDesignExtensibility", "src\EFTools\EntityDesignExtensibility\EntityDesignExtensibility.csproj", "{092010FF-C0C3-4564-B8F0-7758E630DE00}"
EndProject
Project("{FAE04EC0-301F-11D3-BF4B-00C04F79EFBC}") = "EntityDesignModel", "src\EFTools\EntityDesignModel\EntityDesignModel.csproj", "{B44E942F-0AD1-4FB4-9146-DD1F8E17D4D8}"
EndProject
Project("{FAE04EC0-301F-11D3-BF4B-00C04F79EFBC}") = "EntityDesignPackage", "src\EFTools\EntityDesignPackage\EntityDesignPackage.csproj", "{C7198BDF-EB70-44D3-BA61-45CC552248E4}"
EndProject
Project("{FAE04EC0-301F-11D3-BF4B-00C04F79EFBC}") = "EntityDesignerVersioningFacade", "src\EFTools\EntityDesignerVersioningFacade\EntityDesignerVersioningFacade.csproj", "{0518E682-510D-48F8-BB14-7151C50A1850}"
EndProject
Project("{FAE04EC0-301F-11D3-BF4B-00C04F79EFBC}") = "EntityFramework", "src\EntityFramework\EntityFramework.csproj", "{E06D1C12-EFE8-4413-A15C-AE01FC158F2F}"
EndProject
Project("{FAE04EC0-301F-11D3-BF4B-00C04F79EFBC}") = "EntityFramework.SqlServer", "src\EntityFramework.SqlServer\EntityFramework.SqlServer.csproj", "{6F4BB80B-5F74-44D3-A77F-0025DFA48C1A}"
EndProject
Project("{FAE04EC0-301F-11D3-BF4B-00C04F79EFBC}") = "EntityFramework.SqlServerCompact", "src\EntityFramework.SqlServerCompact\EntityFramework.SqlServerCompact.csproj", "{1EF9C524-7122-4677-B111-DD14BB2A9EA2}"
EndProject
Project("{930C7802-8A8C-48F9-8165-68863BCCD9DD}") = "EFToolsMsi", "src\EFTools\setup\EFToolsMsi\EFToolsMsi.wixproj", "{69BA80F1-E0EB-4109-A91A-6059F2954B2D}"
	ProjectSection(ProjectDependencies) = postProject
		{6F4BB80B-5F74-44D3-A77F-0025DFA48C1A} = {6F4BB80B-5F74-44D3-A77F-0025DFA48C1A}
		{E06D1C12-EFE8-4413-A15C-AE01FC158F2F} = {E06D1C12-EFE8-4413-A15C-AE01FC158F2F}
		{1EF9C524-7122-4677-B111-DD14BB2A9EA2} = {1EF9C524-7122-4677-B111-DD14BB2A9EA2}
		{D3E74B27-C87A-4E1C-B885-16760AD7119C} = {D3E74B27-C87A-4E1C-B885-16760AD7119C}
		{B44E942F-0AD1-4FB4-9146-DD1F8E17D4D8} = {B44E942F-0AD1-4FB4-9146-DD1F8E17D4D8}
		{FC48CB33-A0D9-49ED-841D-CC88FD3D761D} = {FC48CB33-A0D9-49ED-841D-CC88FD3D761D}
		{15000B5C-C005-473A-BA65-EAF37E660B2C} = {15000B5C-C005-473A-BA65-EAF37E660B2C}
		{0518E682-510D-48F8-BB14-7151C50A1850} = {0518E682-510D-48F8-BB14-7151C50A1850}
		{79B40A85-CDCC-4AC3-A583-77CA43CB5136} = {79B40A85-CDCC-4AC3-A583-77CA43CB5136}
		{F904B4BE-C7CF-4E4F-85B7-B006A2D1C561} = {F904B4BE-C7CF-4E4F-85B7-B006A2D1C561}
		{488B84C2-9358-4B90-BC2D-ED688939E6BB} = {488B84C2-9358-4B90-BC2D-ED688939E6BB}
		{6C80DBCA-16C8-48C9-9019-AB6FDED788DE} = {6C80DBCA-16C8-48C9-9019-AB6FDED788DE}
		{C7198BDF-EB70-44D3-BA61-45CC552248E4} = {C7198BDF-EB70-44D3-BA61-45CC552248E4}
		{092010FF-C0C3-4564-B8F0-7758E630DE00} = {092010FF-C0C3-4564-B8F0-7758E630DE00}
	EndProjectSection
EndProject
Project("{2150E333-8FDC-42A3-9474-1A3956D46DE8}") = "Product", "Product", "{00375029-2AAC-4479-8D3A-7E4E0439E783}"
EndProject
Global
	GlobalSection(SolutionConfigurationPlatforms) = preSolution
		Debug|Any CPU = Debug|Any CPU
		Debug|Mixed Platforms = Debug|Mixed Platforms
		Debug|x86 = Debug|x86
		DebugNet40|Any CPU = DebugNet40|Any CPU
		DebugNet40|Mixed Platforms = DebugNet40|Mixed Platforms
		DebugNet40|x86 = DebugNet40|x86
		Release|Any CPU = Release|Any CPU
		Release|Mixed Platforms = Release|Mixed Platforms
		Release|x86 = Release|x86
		ReleaseNet40|Any CPU = ReleaseNet40|Any CPU
		ReleaseNet40|Mixed Platforms = ReleaseNet40|Mixed Platforms
		ReleaseNet40|x86 = ReleaseNet40|x86
	EndGlobalSection
	GlobalSection(ProjectConfigurationPlatforms) = postSolution
		{6C80DBCA-16C8-48C9-9019-AB6FDED788DE}.Debug|Any CPU.ActiveCfg = Debug|Any CPU
		{6C80DBCA-16C8-48C9-9019-AB6FDED788DE}.Debug|Any CPU.Build.0 = Debug|Any CPU
		{6C80DBCA-16C8-48C9-9019-AB6FDED788DE}.Debug|Mixed Platforms.ActiveCfg = Debug|Any CPU
		{6C80DBCA-16C8-48C9-9019-AB6FDED788DE}.Debug|Mixed Platforms.Build.0 = Debug|Any CPU
		{6C80DBCA-16C8-48C9-9019-AB6FDED788DE}.Debug|x86.ActiveCfg = Debug|Any CPU
		{6C80DBCA-16C8-48C9-9019-AB6FDED788DE}.DebugNet40|Any CPU.ActiveCfg = Debug|Any CPU
		{6C80DBCA-16C8-48C9-9019-AB6FDED788DE}.DebugNet40|Any CPU.Build.0 = Debug|Any CPU
		{6C80DBCA-16C8-48C9-9019-AB6FDED788DE}.DebugNet40|Mixed Platforms.ActiveCfg = Debug|Any CPU
		{6C80DBCA-16C8-48C9-9019-AB6FDED788DE}.DebugNet40|Mixed Platforms.Build.0 = Debug|Any CPU
		{6C80DBCA-16C8-48C9-9019-AB6FDED788DE}.DebugNet40|x86.ActiveCfg = Debug|Any CPU
		{6C80DBCA-16C8-48C9-9019-AB6FDED788DE}.Release|Any CPU.ActiveCfg = Release|Any CPU
		{6C80DBCA-16C8-48C9-9019-AB6FDED788DE}.Release|Any CPU.Build.0 = Release|Any CPU
		{6C80DBCA-16C8-48C9-9019-AB6FDED788DE}.Release|Mixed Platforms.ActiveCfg = Release|Any CPU
		{6C80DBCA-16C8-48C9-9019-AB6FDED788DE}.Release|Mixed Platforms.Build.0 = Release|Any CPU
		{6C80DBCA-16C8-48C9-9019-AB6FDED788DE}.Release|x86.ActiveCfg = Release|Any CPU
		{6C80DBCA-16C8-48C9-9019-AB6FDED788DE}.ReleaseNet40|Any CPU.ActiveCfg = Release|Any CPU
		{6C80DBCA-16C8-48C9-9019-AB6FDED788DE}.ReleaseNet40|Any CPU.Build.0 = Release|Any CPU
		{6C80DBCA-16C8-48C9-9019-AB6FDED788DE}.ReleaseNet40|Mixed Platforms.ActiveCfg = Release|Any CPU
		{6C80DBCA-16C8-48C9-9019-AB6FDED788DE}.ReleaseNet40|Mixed Platforms.Build.0 = Release|Any CPU
		{6C80DBCA-16C8-48C9-9019-AB6FDED788DE}.ReleaseNet40|x86.ActiveCfg = Release|Any CPU
		{79B40A85-CDCC-4AC3-A583-77CA43CB5136}.Debug|Any CPU.ActiveCfg = Debug|Any CPU
		{79B40A85-CDCC-4AC3-A583-77CA43CB5136}.Debug|Any CPU.Build.0 = Debug|Any CPU
		{79B40A85-CDCC-4AC3-A583-77CA43CB5136}.Debug|Mixed Platforms.ActiveCfg = Debug|Any CPU
		{79B40A85-CDCC-4AC3-A583-77CA43CB5136}.Debug|Mixed Platforms.Build.0 = Debug|Any CPU
		{79B40A85-CDCC-4AC3-A583-77CA43CB5136}.Debug|x86.ActiveCfg = Debug|Any CPU
		{79B40A85-CDCC-4AC3-A583-77CA43CB5136}.DebugNet40|Any CPU.ActiveCfg = Debug|Any CPU
		{79B40A85-CDCC-4AC3-A583-77CA43CB5136}.DebugNet40|Any CPU.Build.0 = Debug|Any CPU
		{79B40A85-CDCC-4AC3-A583-77CA43CB5136}.DebugNet40|Mixed Platforms.ActiveCfg = Debug|Any CPU
		{79B40A85-CDCC-4AC3-A583-77CA43CB5136}.DebugNet40|Mixed Platforms.Build.0 = Debug|Any CPU
		{79B40A85-CDCC-4AC3-A583-77CA43CB5136}.DebugNet40|x86.ActiveCfg = Debug|Any CPU
		{79B40A85-CDCC-4AC3-A583-77CA43CB5136}.Release|Any CPU.ActiveCfg = Release|Any CPU
		{79B40A85-CDCC-4AC3-A583-77CA43CB5136}.Release|Any CPU.Build.0 = Release|Any CPU
		{79B40A85-CDCC-4AC3-A583-77CA43CB5136}.Release|Mixed Platforms.ActiveCfg = Release|Any CPU
		{79B40A85-CDCC-4AC3-A583-77CA43CB5136}.Release|Mixed Platforms.Build.0 = Release|Any CPU
		{79B40A85-CDCC-4AC3-A583-77CA43CB5136}.Release|x86.ActiveCfg = Release|Any CPU
		{79B40A85-CDCC-4AC3-A583-77CA43CB5136}.ReleaseNet40|Any CPU.ActiveCfg = Release|Any CPU
		{79B40A85-CDCC-4AC3-A583-77CA43CB5136}.ReleaseNet40|Any CPU.Build.0 = Release|Any CPU
		{79B40A85-CDCC-4AC3-A583-77CA43CB5136}.ReleaseNet40|Mixed Platforms.ActiveCfg = Release|Any CPU
		{79B40A85-CDCC-4AC3-A583-77CA43CB5136}.ReleaseNet40|Mixed Platforms.Build.0 = Release|Any CPU
		{79B40A85-CDCC-4AC3-A583-77CA43CB5136}.ReleaseNet40|x86.ActiveCfg = Release|Any CPU
		{F904B4BE-C7CF-4E4F-85B7-B006A2D1C561}.Debug|Any CPU.ActiveCfg = Debug|Any CPU
		{F904B4BE-C7CF-4E4F-85B7-B006A2D1C561}.Debug|Any CPU.Build.0 = Debug|Any CPU
		{F904B4BE-C7CF-4E4F-85B7-B006A2D1C561}.Debug|Mixed Platforms.ActiveCfg = Debug|Any CPU
		{F904B4BE-C7CF-4E4F-85B7-B006A2D1C561}.Debug|Mixed Platforms.Build.0 = Debug|Any CPU
		{F904B4BE-C7CF-4E4F-85B7-B006A2D1C561}.Debug|x86.ActiveCfg = Debug|Any CPU
		{F904B4BE-C7CF-4E4F-85B7-B006A2D1C561}.DebugNet40|Any CPU.ActiveCfg = Debug|Any CPU
		{F904B4BE-C7CF-4E4F-85B7-B006A2D1C561}.DebugNet40|Any CPU.Build.0 = Debug|Any CPU
		{F904B4BE-C7CF-4E4F-85B7-B006A2D1C561}.DebugNet40|Mixed Platforms.ActiveCfg = Debug|Any CPU
		{F904B4BE-C7CF-4E4F-85B7-B006A2D1C561}.DebugNet40|Mixed Platforms.Build.0 = Debug|Any CPU
		{F904B4BE-C7CF-4E4F-85B7-B006A2D1C561}.DebugNet40|x86.ActiveCfg = Debug|Any CPU
		{F904B4BE-C7CF-4E4F-85B7-B006A2D1C561}.Release|Any CPU.ActiveCfg = Release|Any CPU
		{F904B4BE-C7CF-4E4F-85B7-B006A2D1C561}.Release|Any CPU.Build.0 = Release|Any CPU
		{F904B4BE-C7CF-4E4F-85B7-B006A2D1C561}.Release|Mixed Platforms.ActiveCfg = Release|Any CPU
		{F904B4BE-C7CF-4E4F-85B7-B006A2D1C561}.Release|Mixed Platforms.Build.0 = Release|Any CPU
		{F904B4BE-C7CF-4E4F-85B7-B006A2D1C561}.Release|x86.ActiveCfg = Release|Any CPU
		{F904B4BE-C7CF-4E4F-85B7-B006A2D1C561}.ReleaseNet40|Any CPU.ActiveCfg = Release|Any CPU
		{F904B4BE-C7CF-4E4F-85B7-B006A2D1C561}.ReleaseNet40|Any CPU.Build.0 = Release|Any CPU
		{F904B4BE-C7CF-4E4F-85B7-B006A2D1C561}.ReleaseNet40|Mixed Platforms.ActiveCfg = Release|Any CPU
		{F904B4BE-C7CF-4E4F-85B7-B006A2D1C561}.ReleaseNet40|Mixed Platforms.Build.0 = Release|Any CPU
		{F904B4BE-C7CF-4E4F-85B7-B006A2D1C561}.ReleaseNet40|x86.ActiveCfg = Release|Any CPU
		{FC48CB33-A0D9-49ED-841D-CC88FD3D761D}.Debug|Any CPU.ActiveCfg = Debug|Any CPU
		{FC48CB33-A0D9-49ED-841D-CC88FD3D761D}.Debug|Any CPU.Build.0 = Debug|Any CPU
		{FC48CB33-A0D9-49ED-841D-CC88FD3D761D}.Debug|Mixed Platforms.ActiveCfg = Debug|Any CPU
		{FC48CB33-A0D9-49ED-841D-CC88FD3D761D}.Debug|Mixed Platforms.Build.0 = Debug|Any CPU
		{FC48CB33-A0D9-49ED-841D-CC88FD3D761D}.Debug|x86.ActiveCfg = Debug|Any CPU
		{FC48CB33-A0D9-49ED-841D-CC88FD3D761D}.DebugNet40|Any CPU.ActiveCfg = Debug|Any CPU
		{FC48CB33-A0D9-49ED-841D-CC88FD3D761D}.DebugNet40|Any CPU.Build.0 = Debug|Any CPU
		{FC48CB33-A0D9-49ED-841D-CC88FD3D761D}.DebugNet40|Mixed Platforms.ActiveCfg = Debug|Any CPU
		{FC48CB33-A0D9-49ED-841D-CC88FD3D761D}.DebugNet40|Mixed Platforms.Build.0 = Debug|Any CPU
		{FC48CB33-A0D9-49ED-841D-CC88FD3D761D}.DebugNet40|x86.ActiveCfg = Debug|Any CPU
		{FC48CB33-A0D9-49ED-841D-CC88FD3D761D}.Release|Any CPU.ActiveCfg = Release|Any CPU
		{FC48CB33-A0D9-49ED-841D-CC88FD3D761D}.Release|Any CPU.Build.0 = Release|Any CPU
		{FC48CB33-A0D9-49ED-841D-CC88FD3D761D}.Release|Mixed Platforms.ActiveCfg = Release|Any CPU
		{FC48CB33-A0D9-49ED-841D-CC88FD3D761D}.Release|Mixed Platforms.Build.0 = Release|Any CPU
		{FC48CB33-A0D9-49ED-841D-CC88FD3D761D}.Release|x86.ActiveCfg = Release|Any CPU
		{FC48CB33-A0D9-49ED-841D-CC88FD3D761D}.ReleaseNet40|Any CPU.ActiveCfg = Release|Any CPU
		{FC48CB33-A0D9-49ED-841D-CC88FD3D761D}.ReleaseNet40|Any CPU.Build.0 = Release|Any CPU
		{FC48CB33-A0D9-49ED-841D-CC88FD3D761D}.ReleaseNet40|Mixed Platforms.ActiveCfg = Release|Any CPU
		{FC48CB33-A0D9-49ED-841D-CC88FD3D761D}.ReleaseNet40|Mixed Platforms.Build.0 = Release|Any CPU
		{FC48CB33-A0D9-49ED-841D-CC88FD3D761D}.ReleaseNet40|x86.ActiveCfg = Release|Any CPU
		{15000B5C-C005-473A-BA65-EAF37E660B2C}.Debug|Any CPU.ActiveCfg = Debug|Any CPU
		{15000B5C-C005-473A-BA65-EAF37E660B2C}.Debug|Any CPU.Build.0 = Debug|Any CPU
		{15000B5C-C005-473A-BA65-EAF37E660B2C}.Debug|Mixed Platforms.ActiveCfg = Debug|Any CPU
		{15000B5C-C005-473A-BA65-EAF37E660B2C}.Debug|Mixed Platforms.Build.0 = Debug|Any CPU
		{15000B5C-C005-473A-BA65-EAF37E660B2C}.Debug|x86.ActiveCfg = Debug|Any CPU
		{15000B5C-C005-473A-BA65-EAF37E660B2C}.DebugNet40|Any CPU.ActiveCfg = Debug|Any CPU
		{15000B5C-C005-473A-BA65-EAF37E660B2C}.DebugNet40|Any CPU.Build.0 = Debug|Any CPU
		{15000B5C-C005-473A-BA65-EAF37E660B2C}.DebugNet40|Mixed Platforms.ActiveCfg = Debug|Any CPU
		{15000B5C-C005-473A-BA65-EAF37E660B2C}.DebugNet40|Mixed Platforms.Build.0 = Debug|Any CPU
		{15000B5C-C005-473A-BA65-EAF37E660B2C}.DebugNet40|x86.ActiveCfg = Debug|Any CPU
		{15000B5C-C005-473A-BA65-EAF37E660B2C}.Release|Any CPU.ActiveCfg = Release|Any CPU
		{15000B5C-C005-473A-BA65-EAF37E660B2C}.Release|Any CPU.Build.0 = Release|Any CPU
		{15000B5C-C005-473A-BA65-EAF37E660B2C}.Release|Mixed Platforms.ActiveCfg = Release|Any CPU
		{15000B5C-C005-473A-BA65-EAF37E660B2C}.Release|Mixed Platforms.Build.0 = Release|Any CPU
		{15000B5C-C005-473A-BA65-EAF37E660B2C}.Release|x86.ActiveCfg = Release|Any CPU
		{15000B5C-C005-473A-BA65-EAF37E660B2C}.ReleaseNet40|Any CPU.ActiveCfg = Release|Any CPU
		{15000B5C-C005-473A-BA65-EAF37E660B2C}.ReleaseNet40|Any CPU.Build.0 = Release|Any CPU
		{15000B5C-C005-473A-BA65-EAF37E660B2C}.ReleaseNet40|Mixed Platforms.ActiveCfg = Release|Any CPU
		{15000B5C-C005-473A-BA65-EAF37E660B2C}.ReleaseNet40|Mixed Platforms.Build.0 = Release|Any CPU
		{15000B5C-C005-473A-BA65-EAF37E660B2C}.ReleaseNet40|x86.ActiveCfg = Release|Any CPU
		{D3E74B27-C87A-4E1C-B885-16760AD7119C}.Debug|Any CPU.ActiveCfg = Debug|Any CPU
		{D3E74B27-C87A-4E1C-B885-16760AD7119C}.Debug|Any CPU.Build.0 = Debug|Any CPU
		{D3E74B27-C87A-4E1C-B885-16760AD7119C}.Debug|Mixed Platforms.ActiveCfg = Debug|Any CPU
		{D3E74B27-C87A-4E1C-B885-16760AD7119C}.Debug|Mixed Platforms.Build.0 = Debug|Any CPU
		{D3E74B27-C87A-4E1C-B885-16760AD7119C}.Debug|x86.ActiveCfg = Debug|Any CPU
		{D3E74B27-C87A-4E1C-B885-16760AD7119C}.DebugNet40|Any CPU.ActiveCfg = Debug|Any CPU
		{D3E74B27-C87A-4E1C-B885-16760AD7119C}.DebugNet40|Any CPU.Build.0 = Debug|Any CPU
		{D3E74B27-C87A-4E1C-B885-16760AD7119C}.DebugNet40|Mixed Platforms.ActiveCfg = Debug|Any CPU
		{D3E74B27-C87A-4E1C-B885-16760AD7119C}.DebugNet40|Mixed Platforms.Build.0 = Debug|Any CPU
		{D3E74B27-C87A-4E1C-B885-16760AD7119C}.DebugNet40|x86.ActiveCfg = Debug|Any CPU
		{D3E74B27-C87A-4E1C-B885-16760AD7119C}.Release|Any CPU.ActiveCfg = Release|Any CPU
		{D3E74B27-C87A-4E1C-B885-16760AD7119C}.Release|Any CPU.Build.0 = Release|Any CPU
		{D3E74B27-C87A-4E1C-B885-16760AD7119C}.Release|Mixed Platforms.ActiveCfg = Release|Any CPU
		{D3E74B27-C87A-4E1C-B885-16760AD7119C}.Release|Mixed Platforms.Build.0 = Release|Any CPU
		{D3E74B27-C87A-4E1C-B885-16760AD7119C}.Release|x86.ActiveCfg = Release|Any CPU
		{D3E74B27-C87A-4E1C-B885-16760AD7119C}.ReleaseNet40|Any CPU.ActiveCfg = Release|Any CPU
		{D3E74B27-C87A-4E1C-B885-16760AD7119C}.ReleaseNet40|Any CPU.Build.0 = Release|Any CPU
		{D3E74B27-C87A-4E1C-B885-16760AD7119C}.ReleaseNet40|Mixed Platforms.ActiveCfg = Release|Any CPU
		{D3E74B27-C87A-4E1C-B885-16760AD7119C}.ReleaseNet40|Mixed Platforms.Build.0 = Release|Any CPU
		{D3E74B27-C87A-4E1C-B885-16760AD7119C}.ReleaseNet40|x86.ActiveCfg = Release|Any CPU
		{488B84C2-9358-4B90-BC2D-ED688939E6BB}.Debug|Any CPU.ActiveCfg = Debug|Any CPU
		{488B84C2-9358-4B90-BC2D-ED688939E6BB}.Debug|Any CPU.Build.0 = Debug|Any CPU
		{488B84C2-9358-4B90-BC2D-ED688939E6BB}.Debug|Mixed Platforms.ActiveCfg = Debug|Any CPU
		{488B84C2-9358-4B90-BC2D-ED688939E6BB}.Debug|Mixed Platforms.Build.0 = Debug|Any CPU
		{488B84C2-9358-4B90-BC2D-ED688939E6BB}.Debug|x86.ActiveCfg = Debug|Any CPU
		{488B84C2-9358-4B90-BC2D-ED688939E6BB}.DebugNet40|Any CPU.ActiveCfg = Debug|Any CPU
		{488B84C2-9358-4B90-BC2D-ED688939E6BB}.DebugNet40|Any CPU.Build.0 = Debug|Any CPU
		{488B84C2-9358-4B90-BC2D-ED688939E6BB}.DebugNet40|Mixed Platforms.ActiveCfg = Debug|Any CPU
		{488B84C2-9358-4B90-BC2D-ED688939E6BB}.DebugNet40|Mixed Platforms.Build.0 = Debug|Any CPU
		{488B84C2-9358-4B90-BC2D-ED688939E6BB}.DebugNet40|x86.ActiveCfg = Debug|Any CPU
		{488B84C2-9358-4B90-BC2D-ED688939E6BB}.Release|Any CPU.ActiveCfg = Release|Any CPU
		{488B84C2-9358-4B90-BC2D-ED688939E6BB}.Release|Any CPU.Build.0 = Release|Any CPU
		{488B84C2-9358-4B90-BC2D-ED688939E6BB}.Release|Mixed Platforms.ActiveCfg = Release|Any CPU
		{488B84C2-9358-4B90-BC2D-ED688939E6BB}.Release|Mixed Platforms.Build.0 = Release|Any CPU
		{488B84C2-9358-4B90-BC2D-ED688939E6BB}.Release|x86.ActiveCfg = Release|Any CPU
		{488B84C2-9358-4B90-BC2D-ED688939E6BB}.ReleaseNet40|Any CPU.ActiveCfg = Release|Any CPU
		{488B84C2-9358-4B90-BC2D-ED688939E6BB}.ReleaseNet40|Any CPU.Build.0 = Release|Any CPU
		{488B84C2-9358-4B90-BC2D-ED688939E6BB}.ReleaseNet40|Mixed Platforms.ActiveCfg = Release|Any CPU
		{488B84C2-9358-4B90-BC2D-ED688939E6BB}.ReleaseNet40|Mixed Platforms.Build.0 = Release|Any CPU
		{488B84C2-9358-4B90-BC2D-ED688939E6BB}.ReleaseNet40|x86.ActiveCfg = Release|Any CPU
		{092010FF-C0C3-4564-B8F0-7758E630DE00}.Debug|Any CPU.ActiveCfg = Debug|Any CPU
		{092010FF-C0C3-4564-B8F0-7758E630DE00}.Debug|Any CPU.Build.0 = Debug|Any CPU
		{092010FF-C0C3-4564-B8F0-7758E630DE00}.Debug|Mixed Platforms.ActiveCfg = Debug|Any CPU
		{092010FF-C0C3-4564-B8F0-7758E630DE00}.Debug|Mixed Platforms.Build.0 = Debug|Any CPU
		{092010FF-C0C3-4564-B8F0-7758E630DE00}.Debug|x86.ActiveCfg = Debug|Any CPU
		{092010FF-C0C3-4564-B8F0-7758E630DE00}.DebugNet40|Any CPU.ActiveCfg = Debug|Any CPU
		{092010FF-C0C3-4564-B8F0-7758E630DE00}.DebugNet40|Any CPU.Build.0 = Debug|Any CPU
		{092010FF-C0C3-4564-B8F0-7758E630DE00}.DebugNet40|Mixed Platforms.ActiveCfg = Debug|Any CPU
		{092010FF-C0C3-4564-B8F0-7758E630DE00}.DebugNet40|Mixed Platforms.Build.0 = Debug|Any CPU
		{092010FF-C0C3-4564-B8F0-7758E630DE00}.DebugNet40|x86.ActiveCfg = Debug|Any CPU
		{092010FF-C0C3-4564-B8F0-7758E630DE00}.Release|Any CPU.ActiveCfg = Release|Any CPU
		{092010FF-C0C3-4564-B8F0-7758E630DE00}.Release|Any CPU.Build.0 = Release|Any CPU
		{092010FF-C0C3-4564-B8F0-7758E630DE00}.Release|Mixed Platforms.ActiveCfg = Release|Any CPU
		{092010FF-C0C3-4564-B8F0-7758E630DE00}.Release|Mixed Platforms.Build.0 = Release|Any CPU
		{092010FF-C0C3-4564-B8F0-7758E630DE00}.Release|x86.ActiveCfg = Release|Any CPU
		{092010FF-C0C3-4564-B8F0-7758E630DE00}.ReleaseNet40|Any CPU.ActiveCfg = Release|Any CPU
		{092010FF-C0C3-4564-B8F0-7758E630DE00}.ReleaseNet40|Any CPU.Build.0 = Release|Any CPU
		{092010FF-C0C3-4564-B8F0-7758E630DE00}.ReleaseNet40|Mixed Platforms.ActiveCfg = Release|Any CPU
		{092010FF-C0C3-4564-B8F0-7758E630DE00}.ReleaseNet40|Mixed Platforms.Build.0 = Release|Any CPU
		{092010FF-C0C3-4564-B8F0-7758E630DE00}.ReleaseNet40|x86.ActiveCfg = Release|Any CPU
		{B44E942F-0AD1-4FB4-9146-DD1F8E17D4D8}.Debug|Any CPU.ActiveCfg = Debug|Any CPU
		{B44E942F-0AD1-4FB4-9146-DD1F8E17D4D8}.Debug|Any CPU.Build.0 = Debug|Any CPU
		{B44E942F-0AD1-4FB4-9146-DD1F8E17D4D8}.Debug|Mixed Platforms.ActiveCfg = Debug|Any CPU
		{B44E942F-0AD1-4FB4-9146-DD1F8E17D4D8}.Debug|Mixed Platforms.Build.0 = Debug|Any CPU
		{B44E942F-0AD1-4FB4-9146-DD1F8E17D4D8}.Debug|x86.ActiveCfg = Debug|Any CPU
		{B44E942F-0AD1-4FB4-9146-DD1F8E17D4D8}.DebugNet40|Any CPU.ActiveCfg = Debug|Any CPU
		{B44E942F-0AD1-4FB4-9146-DD1F8E17D4D8}.DebugNet40|Any CPU.Build.0 = Debug|Any CPU
		{B44E942F-0AD1-4FB4-9146-DD1F8E17D4D8}.DebugNet40|Mixed Platforms.ActiveCfg = Debug|Any CPU
		{B44E942F-0AD1-4FB4-9146-DD1F8E17D4D8}.DebugNet40|Mixed Platforms.Build.0 = Debug|Any CPU
		{B44E942F-0AD1-4FB4-9146-DD1F8E17D4D8}.DebugNet40|x86.ActiveCfg = Debug|Any CPU
		{B44E942F-0AD1-4FB4-9146-DD1F8E17D4D8}.Release|Any CPU.ActiveCfg = Release|Any CPU
		{B44E942F-0AD1-4FB4-9146-DD1F8E17D4D8}.Release|Any CPU.Build.0 = Release|Any CPU
		{B44E942F-0AD1-4FB4-9146-DD1F8E17D4D8}.Release|Mixed Platforms.ActiveCfg = Release|Any CPU
		{B44E942F-0AD1-4FB4-9146-DD1F8E17D4D8}.Release|Mixed Platforms.Build.0 = Release|Any CPU
		{B44E942F-0AD1-4FB4-9146-DD1F8E17D4D8}.Release|x86.ActiveCfg = Release|Any CPU
		{B44E942F-0AD1-4FB4-9146-DD1F8E17D4D8}.ReleaseNet40|Any CPU.ActiveCfg = Release|Any CPU
		{B44E942F-0AD1-4FB4-9146-DD1F8E17D4D8}.ReleaseNet40|Any CPU.Build.0 = Release|Any CPU
		{B44E942F-0AD1-4FB4-9146-DD1F8E17D4D8}.ReleaseNet40|Mixed Platforms.ActiveCfg = Release|Any CPU
		{B44E942F-0AD1-4FB4-9146-DD1F8E17D4D8}.ReleaseNet40|Mixed Platforms.Build.0 = Release|Any CPU
		{B44E942F-0AD1-4FB4-9146-DD1F8E17D4D8}.ReleaseNet40|x86.ActiveCfg = Release|Any CPU
		{C7198BDF-EB70-44D3-BA61-45CC552248E4}.Debug|Any CPU.ActiveCfg = Debug|Any CPU
		{C7198BDF-EB70-44D3-BA61-45CC552248E4}.Debug|Any CPU.Build.0 = Debug|Any CPU
		{C7198BDF-EB70-44D3-BA61-45CC552248E4}.Debug|Mixed Platforms.ActiveCfg = Debug|Any CPU
		{C7198BDF-EB70-44D3-BA61-45CC552248E4}.Debug|Mixed Platforms.Build.0 = Debug|Any CPU
		{C7198BDF-EB70-44D3-BA61-45CC552248E4}.Debug|x86.ActiveCfg = Debug|Any CPU
		{C7198BDF-EB70-44D3-BA61-45CC552248E4}.DebugNet40|Any CPU.ActiveCfg = Debug|Any CPU
		{C7198BDF-EB70-44D3-BA61-45CC552248E4}.DebugNet40|Any CPU.Build.0 = Debug|Any CPU
		{C7198BDF-EB70-44D3-BA61-45CC552248E4}.DebugNet40|Mixed Platforms.ActiveCfg = Debug|Any CPU
		{C7198BDF-EB70-44D3-BA61-45CC552248E4}.DebugNet40|Mixed Platforms.Build.0 = Debug|Any CPU
		{C7198BDF-EB70-44D3-BA61-45CC552248E4}.DebugNet40|x86.ActiveCfg = Debug|Any CPU
		{C7198BDF-EB70-44D3-BA61-45CC552248E4}.Release|Any CPU.ActiveCfg = Release|Any CPU
		{C7198BDF-EB70-44D3-BA61-45CC552248E4}.Release|Any CPU.Build.0 = Release|Any CPU
		{C7198BDF-EB70-44D3-BA61-45CC552248E4}.Release|Mixed Platforms.ActiveCfg = Release|Any CPU
		{C7198BDF-EB70-44D3-BA61-45CC552248E4}.Release|Mixed Platforms.Build.0 = Release|Any CPU
		{C7198BDF-EB70-44D3-BA61-45CC552248E4}.Release|x86.ActiveCfg = Release|Any CPU
		{C7198BDF-EB70-44D3-BA61-45CC552248E4}.ReleaseNet40|Any CPU.ActiveCfg = Release|Any CPU
		{C7198BDF-EB70-44D3-BA61-45CC552248E4}.ReleaseNet40|Any CPU.Build.0 = Release|Any CPU
		{C7198BDF-EB70-44D3-BA61-45CC552248E4}.ReleaseNet40|Mixed Platforms.ActiveCfg = Release|Any CPU
		{C7198BDF-EB70-44D3-BA61-45CC552248E4}.ReleaseNet40|Mixed Platforms.Build.0 = Release|Any CPU
		{C7198BDF-EB70-44D3-BA61-45CC552248E4}.ReleaseNet40|x86.ActiveCfg = Release|Any CPU
		{0518E682-510D-48F8-BB14-7151C50A1850}.Debug|Any CPU.ActiveCfg = Debug|Any CPU
		{0518E682-510D-48F8-BB14-7151C50A1850}.Debug|Any CPU.Build.0 = Debug|Any CPU
		{0518E682-510D-48F8-BB14-7151C50A1850}.Debug|Mixed Platforms.ActiveCfg = Debug|Any CPU
		{0518E682-510D-48F8-BB14-7151C50A1850}.Debug|Mixed Platforms.Build.0 = Debug|Any CPU
		{0518E682-510D-48F8-BB14-7151C50A1850}.Debug|x86.ActiveCfg = Debug|Any CPU
		{0518E682-510D-48F8-BB14-7151C50A1850}.DebugNet40|Any CPU.ActiveCfg = Debug|Any CPU
		{0518E682-510D-48F8-BB14-7151C50A1850}.DebugNet40|Any CPU.Build.0 = Debug|Any CPU
		{0518E682-510D-48F8-BB14-7151C50A1850}.DebugNet40|Mixed Platforms.ActiveCfg = Debug|Any CPU
		{0518E682-510D-48F8-BB14-7151C50A1850}.DebugNet40|Mixed Platforms.Build.0 = Debug|Any CPU
		{0518E682-510D-48F8-BB14-7151C50A1850}.DebugNet40|x86.ActiveCfg = Debug|Any CPU
		{0518E682-510D-48F8-BB14-7151C50A1850}.Release|Any CPU.ActiveCfg = Release|Any CPU
		{0518E682-510D-48F8-BB14-7151C50A1850}.Release|Any CPU.Build.0 = Release|Any CPU
		{0518E682-510D-48F8-BB14-7151C50A1850}.Release|Mixed Platforms.ActiveCfg = Release|Any CPU
		{0518E682-510D-48F8-BB14-7151C50A1850}.Release|Mixed Platforms.Build.0 = Release|Any CPU
		{0518E682-510D-48F8-BB14-7151C50A1850}.Release|x86.ActiveCfg = Release|Any CPU
		{0518E682-510D-48F8-BB14-7151C50A1850}.ReleaseNet40|Any CPU.ActiveCfg = Release|Any CPU
		{0518E682-510D-48F8-BB14-7151C50A1850}.ReleaseNet40|Any CPU.Build.0 = Release|Any CPU
		{0518E682-510D-48F8-BB14-7151C50A1850}.ReleaseNet40|Mixed Platforms.ActiveCfg = Release|Any CPU
		{0518E682-510D-48F8-BB14-7151C50A1850}.ReleaseNet40|Mixed Platforms.Build.0 = Release|Any CPU
		{0518E682-510D-48F8-BB14-7151C50A1850}.ReleaseNet40|x86.ActiveCfg = Release|Any CPU
		{E06D1C12-EFE8-4413-A15C-AE01FC158F2F}.Debug|Any CPU.ActiveCfg = Debug|Any CPU
		{E06D1C12-EFE8-4413-A15C-AE01FC158F2F}.Debug|Any CPU.Build.0 = Debug|Any CPU
		{E06D1C12-EFE8-4413-A15C-AE01FC158F2F}.Debug|Mixed Platforms.ActiveCfg = Debug|Any CPU
		{E06D1C12-EFE8-4413-A15C-AE01FC158F2F}.Debug|Mixed Platforms.Build.0 = Debug|Any CPU
		{E06D1C12-EFE8-4413-A15C-AE01FC158F2F}.Debug|x86.ActiveCfg = Debug|Any CPU
		{E06D1C12-EFE8-4413-A15C-AE01FC158F2F}.DebugNet40|Any CPU.ActiveCfg = DebugNet40|Any CPU
		{E06D1C12-EFE8-4413-A15C-AE01FC158F2F}.DebugNet40|Any CPU.Build.0 = DebugNet40|Any CPU
		{E06D1C12-EFE8-4413-A15C-AE01FC158F2F}.DebugNet40|Mixed Platforms.ActiveCfg = DebugNet40|Any CPU
		{E06D1C12-EFE8-4413-A15C-AE01FC158F2F}.DebugNet40|Mixed Platforms.Build.0 = DebugNet40|Any CPU
		{E06D1C12-EFE8-4413-A15C-AE01FC158F2F}.DebugNet40|x86.ActiveCfg = DebugNet40|Any CPU
		{E06D1C12-EFE8-4413-A15C-AE01FC158F2F}.Release|Any CPU.ActiveCfg = Release|Any CPU
		{E06D1C12-EFE8-4413-A15C-AE01FC158F2F}.Release|Any CPU.Build.0 = Release|Any CPU
		{E06D1C12-EFE8-4413-A15C-AE01FC158F2F}.Release|Mixed Platforms.ActiveCfg = Release|Any CPU
		{E06D1C12-EFE8-4413-A15C-AE01FC158F2F}.Release|Mixed Platforms.Build.0 = Release|Any CPU
		{E06D1C12-EFE8-4413-A15C-AE01FC158F2F}.Release|x86.ActiveCfg = Release|Any CPU
		{E06D1C12-EFE8-4413-A15C-AE01FC158F2F}.ReleaseNet40|Any CPU.ActiveCfg = ReleaseNet40|Any CPU
		{E06D1C12-EFE8-4413-A15C-AE01FC158F2F}.ReleaseNet40|Any CPU.Build.0 = ReleaseNet40|Any CPU
		{E06D1C12-EFE8-4413-A15C-AE01FC158F2F}.ReleaseNet40|Mixed Platforms.ActiveCfg = ReleaseNet40|Any CPU
		{E06D1C12-EFE8-4413-A15C-AE01FC158F2F}.ReleaseNet40|Mixed Platforms.Build.0 = ReleaseNet40|Any CPU
		{E06D1C12-EFE8-4413-A15C-AE01FC158F2F}.ReleaseNet40|x86.ActiveCfg = ReleaseNet40|Any CPU
		{6F4BB80B-5F74-44D3-A77F-0025DFA48C1A}.Debug|Any CPU.ActiveCfg = Debug|Any CPU
		{6F4BB80B-5F74-44D3-A77F-0025DFA48C1A}.Debug|Any CPU.Build.0 = Debug|Any CPU
		{6F4BB80B-5F74-44D3-A77F-0025DFA48C1A}.Debug|Mixed Platforms.ActiveCfg = Debug|Any CPU
		{6F4BB80B-5F74-44D3-A77F-0025DFA48C1A}.Debug|Mixed Platforms.Build.0 = Debug|Any CPU
		{6F4BB80B-5F74-44D3-A77F-0025DFA48C1A}.Debug|x86.ActiveCfg = Debug|Any CPU
		{6F4BB80B-5F74-44D3-A77F-0025DFA48C1A}.DebugNet40|Any CPU.ActiveCfg = DebugNet40|Any CPU
		{6F4BB80B-5F74-44D3-A77F-0025DFA48C1A}.DebugNet40|Any CPU.Build.0 = DebugNet40|Any CPU
		{6F4BB80B-5F74-44D3-A77F-0025DFA48C1A}.DebugNet40|Mixed Platforms.ActiveCfg = DebugNet40|Any CPU
		{6F4BB80B-5F74-44D3-A77F-0025DFA48C1A}.DebugNet40|Mixed Platforms.Build.0 = DebugNet40|Any CPU
		{6F4BB80B-5F74-44D3-A77F-0025DFA48C1A}.DebugNet40|x86.ActiveCfg = DebugNet40|Any CPU
		{6F4BB80B-5F74-44D3-A77F-0025DFA48C1A}.Release|Any CPU.ActiveCfg = Release|Any CPU
		{6F4BB80B-5F74-44D3-A77F-0025DFA48C1A}.Release|Any CPU.Build.0 = Release|Any CPU
		{6F4BB80B-5F74-44D3-A77F-0025DFA48C1A}.Release|Mixed Platforms.ActiveCfg = Release|Any CPU
		{6F4BB80B-5F74-44D3-A77F-0025DFA48C1A}.Release|Mixed Platforms.Build.0 = Release|Any CPU
		{6F4BB80B-5F74-44D3-A77F-0025DFA48C1A}.Release|x86.ActiveCfg = Release|Any CPU
		{6F4BB80B-5F74-44D3-A77F-0025DFA48C1A}.ReleaseNet40|Any CPU.ActiveCfg = ReleaseNet40|Any CPU
		{6F4BB80B-5F74-44D3-A77F-0025DFA48C1A}.ReleaseNet40|Any CPU.Build.0 = ReleaseNet40|Any CPU
		{6F4BB80B-5F74-44D3-A77F-0025DFA48C1A}.ReleaseNet40|Mixed Platforms.ActiveCfg = ReleaseNet40|Any CPU
		{6F4BB80B-5F74-44D3-A77F-0025DFA48C1A}.ReleaseNet40|Mixed Platforms.Build.0 = ReleaseNet40|Any CPU
		{6F4BB80B-5F74-44D3-A77F-0025DFA48C1A}.ReleaseNet40|x86.ActiveCfg = ReleaseNet40|Any CPU
		{1EF9C524-7122-4677-B111-DD14BB2A9EA2}.Debug|Any CPU.ActiveCfg = Debug|Any CPU
		{1EF9C524-7122-4677-B111-DD14BB2A9EA2}.Debug|Any CPU.Build.0 = Debug|Any CPU
		{1EF9C524-7122-4677-B111-DD14BB2A9EA2}.Debug|Mixed Platforms.ActiveCfg = Debug|Any CPU
		{1EF9C524-7122-4677-B111-DD14BB2A9EA2}.Debug|Mixed Platforms.Build.0 = Debug|Any CPU
		{1EF9C524-7122-4677-B111-DD14BB2A9EA2}.Debug|x86.ActiveCfg = Debug|Any CPU
		{1EF9C524-7122-4677-B111-DD14BB2A9EA2}.DebugNet40|Any CPU.ActiveCfg = DebugNet40|Any CPU
		{1EF9C524-7122-4677-B111-DD14BB2A9EA2}.DebugNet40|Any CPU.Build.0 = DebugNet40|Any CPU
		{1EF9C524-7122-4677-B111-DD14BB2A9EA2}.DebugNet40|Mixed Platforms.ActiveCfg = DebugNet40|Any CPU
		{1EF9C524-7122-4677-B111-DD14BB2A9EA2}.DebugNet40|Mixed Platforms.Build.0 = DebugNet40|Any CPU
		{1EF9C524-7122-4677-B111-DD14BB2A9EA2}.DebugNet40|x86.ActiveCfg = DebugNet40|Any CPU
		{1EF9C524-7122-4677-B111-DD14BB2A9EA2}.Release|Any CPU.ActiveCfg = Release|Any CPU
		{1EF9C524-7122-4677-B111-DD14BB2A9EA2}.Release|Any CPU.Build.0 = Release|Any CPU
		{1EF9C524-7122-4677-B111-DD14BB2A9EA2}.Release|Mixed Platforms.ActiveCfg = Release|Any CPU
		{1EF9C524-7122-4677-B111-DD14BB2A9EA2}.Release|Mixed Platforms.Build.0 = Release|Any CPU
		{1EF9C524-7122-4677-B111-DD14BB2A9EA2}.Release|x86.ActiveCfg = Release|Any CPU
		{1EF9C524-7122-4677-B111-DD14BB2A9EA2}.ReleaseNet40|Any CPU.ActiveCfg = ReleaseNet40|Any CPU
		{1EF9C524-7122-4677-B111-DD14BB2A9EA2}.ReleaseNet40|Any CPU.Build.0 = ReleaseNet40|Any CPU
		{1EF9C524-7122-4677-B111-DD14BB2A9EA2}.ReleaseNet40|Mixed Platforms.ActiveCfg = ReleaseNet40|Any CPU
		{1EF9C524-7122-4677-B111-DD14BB2A9EA2}.ReleaseNet40|Mixed Platforms.Build.0 = ReleaseNet40|Any CPU
		{1EF9C524-7122-4677-B111-DD14BB2A9EA2}.ReleaseNet40|x86.ActiveCfg = ReleaseNet40|Any CPU
		{69BA80F1-E0EB-4109-A91A-6059F2954B2D}.Debug|Any CPU.ActiveCfg = Debug|x86
		{69BA80F1-E0EB-4109-A91A-6059F2954B2D}.Debug|Mixed Platforms.ActiveCfg = Debug|x86
		{69BA80F1-E0EB-4109-A91A-6059F2954B2D}.Debug|Mixed Platforms.Build.0 = Debug|x86
		{69BA80F1-E0EB-4109-A91A-6059F2954B2D}.Debug|x86.ActiveCfg = Debug|x86
		{69BA80F1-E0EB-4109-A91A-6059F2954B2D}.Debug|x86.Build.0 = Debug|x86
		{69BA80F1-E0EB-4109-A91A-6059F2954B2D}.DebugNet40|Any CPU.ActiveCfg = Debug|x86
		{69BA80F1-E0EB-4109-A91A-6059F2954B2D}.DebugNet40|Mixed Platforms.ActiveCfg = Debug|x86
		{69BA80F1-E0EB-4109-A91A-6059F2954B2D}.DebugNet40|Mixed Platforms.Build.0 = Debug|x86
		{69BA80F1-E0EB-4109-A91A-6059F2954B2D}.DebugNet40|x86.ActiveCfg = Debug|x86
		{69BA80F1-E0EB-4109-A91A-6059F2954B2D}.DebugNet40|x86.Build.0 = Debug|x86
		{69BA80F1-E0EB-4109-A91A-6059F2954B2D}.Release|Any CPU.ActiveCfg = Release|x86
		{69BA80F1-E0EB-4109-A91A-6059F2954B2D}.Release|Mixed Platforms.ActiveCfg = Release|x86
		{69BA80F1-E0EB-4109-A91A-6059F2954B2D}.Release|Mixed Platforms.Build.0 = Release|x86
		{69BA80F1-E0EB-4109-A91A-6059F2954B2D}.Release|x86.ActiveCfg = Release|x86
		{69BA80F1-E0EB-4109-A91A-6059F2954B2D}.Release|x86.Build.0 = Release|x86
		{69BA80F1-E0EB-4109-A91A-6059F2954B2D}.ReleaseNet40|Any CPU.ActiveCfg = Release|x86
		{69BA80F1-E0EB-4109-A91A-6059F2954B2D}.ReleaseNet40|Mixed Platforms.ActiveCfg = Release|x86
		{69BA80F1-E0EB-4109-A91A-6059F2954B2D}.ReleaseNet40|Mixed Platforms.Build.0 = Release|x86
		{69BA80F1-E0EB-4109-A91A-6059F2954B2D}.ReleaseNet40|x86.ActiveCfg = Release|x86
		{69BA80F1-E0EB-4109-A91A-6059F2954B2D}.ReleaseNet40|x86.Build.0 = Release|x86
	EndGlobalSection
	GlobalSection(SolutionProperties) = preSolution
		HideSolutionNode = FALSE
	EndGlobalSection
	GlobalSection(NestedProjects) = preSolution
		{79B40A85-CDCC-4AC3-A583-77CA43CB5136} = {00375029-2AAC-4479-8D3A-7E4E0439E783}
		{F904B4BE-C7CF-4E4F-85B7-B006A2D1C561} = {00375029-2AAC-4479-8D3A-7E4E0439E783}
		{FC48CB33-A0D9-49ED-841D-CC88FD3D761D} = {00375029-2AAC-4479-8D3A-7E4E0439E783}
		{15000B5C-C005-473A-BA65-EAF37E660B2C} = {00375029-2AAC-4479-8D3A-7E4E0439E783}
		{D3E74B27-C87A-4E1C-B885-16760AD7119C} = {00375029-2AAC-4479-8D3A-7E4E0439E783}
		{488B84C2-9358-4B90-BC2D-ED688939E6BB} = {00375029-2AAC-4479-8D3A-7E4E0439E783}
		{092010FF-C0C3-4564-B8F0-7758E630DE00} = {00375029-2AAC-4479-8D3A-7E4E0439E783}
		{B44E942F-0AD1-4FB4-9146-DD1F8E17D4D8} = {00375029-2AAC-4479-8D3A-7E4E0439E783}
		{C7198BDF-EB70-44D3-BA61-45CC552248E4} = {00375029-2AAC-4479-8D3A-7E4E0439E783}
		{0518E682-510D-48F8-BB14-7151C50A1850} = {00375029-2AAC-4479-8D3A-7E4E0439E783}
		{E06D1C12-EFE8-4413-A15C-AE01FC158F2F} = {00375029-2AAC-4479-8D3A-7E4E0439E783}
		{6F4BB80B-5F74-44D3-A77F-0025DFA48C1A} = {00375029-2AAC-4479-8D3A-7E4E0439E783}
		{1EF9C524-7122-4677-B111-DD14BB2A9EA2} = {00375029-2AAC-4479-8D3A-7E4E0439E783}
		{6C80DBCA-16C8-48C9-9019-AB6FDED788DE} = {00375029-2AAC-4479-8D3A-7E4E0439E783}
	EndGlobalSection
EndGlobal
