
Microsoft Visual Studio Solution File, Format Version 12.00
# Visual Studio 2013
VisualStudioVersion = 12.0.21005.1
MinimumVisualStudioVersion = 10.0.40219.1
Project("{FAE04EC0-301F-11D3-BF4B-00C04F79EFBC}") = "XmlCore", "src\EFTools\XmlCore\XmlCore.csproj", "{79B40A85-CDCC-4AC3-A583-77CA43CB5136}"
EndProject
Project("{FAE04EC0-301F-11D3-BF4B-00C04F79EFBC}") = "EntityDesign", "src\EFTools\EntityDesign\EntityDesign.csproj", "{F904B4BE-C7CF-4E4F-85B7-B006A2D1C561}"
EndProject
Project("{FAE04EC0-301F-11D3-BF4B-00C04F79EFBC}") = "EntityDesignBootstrapPackage", "src\EFTools\EntityDesignBootstrapPackage\EntityDesignBootstrapPackage.csproj", "{FC48CB33-A0D9-49ED-841D-CC88FD3D761D}"
EndProject
Project("{FAE04EC0-301F-11D3-BF4B-00C04F79EFBC}") = "EntityDesignDatabaseGeneration", "src\EFTools\EntityDesignDatabaseGeneration\EntityDesignDatabaseGeneration.csproj", "{15000B5C-C005-473A-BA65-EAF37E660B2C}"
EndProject
Project("{FAE04EC0-301F-11D3-BF4B-00C04F79EFBC}") = "EntityDesignDataSourceWizardExtension", "src\EFTools\EntityDesignDataSourceWizardExtension\EntityDesignDataSourceWizardExtension.csproj", "{D3E74B27-C87A-4E1C-B885-16760AD7119C}"
EndProject
Project("{FAE04EC0-301F-11D3-BF4B-00C04F79EFBC}") = "EntityDesigner", "src\EFTools\EntityDesignEntityDesigner\EntityDesigner.csproj", "{488B84C2-9358-4B90-BC2D-ED688939E6BB}"
EndProject
Project("{FAE04EC0-301F-11D3-BF4B-00C04F79EFBC}") = "EntityDesignExtensibility", "src\EFTools\EntityDesignExtensibility\EntityDesignExtensibility.csproj", "{092010FF-C0C3-4564-B8F0-7758E630DE00}"
EndProject
Project("{FAE04EC0-301F-11D3-BF4B-00C04F79EFBC}") = "EntityDesignModel", "src\EFTools\EntityDesignModel\EntityDesignModel.csproj", "{B44E942F-0AD1-4FB4-9146-DD1F8E17D4D8}"
EndProject
Project("{FAE04EC0-301F-11D3-BF4B-00C04F79EFBC}") = "EntityDesignPackage", "src\EFTools\EntityDesignPackage\EntityDesignPackage.csproj", "{C7198BDF-EB70-44D3-BA61-45CC552248E4}"
EndProject
Project("{FAE04EC0-301F-11D3-BF4B-00C04F79EFBC}") = "InProcTests", "test\EFTools\InProcTests\InProcTests.csproj", "{85A3A202-1727-4AC9-88CD-0531F9855895}"
EndProject
Project("{FAE04EC0-301F-11D3-BF4B-00C04F79EFBC}") = "FunctionalTests", "test\EFTools\FunctionalTests\FunctionalTests.csproj", "{D43B0B37-B24F-4B4F-A314-75C48131CE04}"
EndProject
Project("{FAE04EC0-301F-11D3-BF4B-00C04F79EFBC}") = "TestInfrastructure", "test\EFTools\TestInfrastructure\TestInfrastructure.csproj", "{59A6AB41-2ACA-4949-8FC8-DFF1229D5A81}"
EndProject
Project("{2150E333-8FDC-42A3-9474-1A3956D46DE8}") = "Solution Items", "Solution Items", "{D6CDC93D-082A-4644-8452-8558ED57FC2B}"
	ProjectSection(SolutionItems) = preProject
		test\EFTools\InProcTests\EFDesignerInProcTests.testsettings = test\EFTools\InProcTests\EFDesignerInProcTests.testsettings
	EndProjectSection
EndProject
Project("{FAE04EC0-301F-11D3-BF4B-00C04F79EFBC}") = "EntityDesignerVersioningFacade", "src\EFTools\EntityDesignerVersioningFacade\EntityDesignerVersioningFacade.csproj", "{0518E682-510D-48F8-BB14-7151C50A1850}"
EndProject
Project("{FAE04EC0-301F-11D3-BF4B-00C04F79EFBC}") = "EntityFramework", "src\EntityFramework\EntityFramework.csproj", "{E06D1C12-EFE8-4413-A15C-AE01FC158F2F}"
EndProject
Project("{FAE04EC0-301F-11D3-BF4B-00C04F79EFBC}") = "UnitTests", "test\EFTools\UnitTests\UnitTests.csproj", "{7FACAE3C-C4D1-4AB1-8775-01F7E34F5769}"
EndProject
Project("{FAE04EC0-301F-11D3-BF4B-00C04F79EFBC}") = "EntityFramework.SqlServer", "src\EntityFramework.SqlServer\EntityFramework.SqlServer.csproj", "{6F4BB80B-5F74-44D3-A77F-0025DFA48C1A}"
EndProject
Project("{FAE04EC0-301F-11D3-BF4B-00C04F79EFBC}") = "EntityFramework.SqlServerCompact", "src\EntityFramework.SqlServerCompact\EntityFramework.SqlServerCompact.csproj", "{1EF9C524-7122-4677-B111-DD14BB2A9EA2}"
EndProject
Project("{FAE04EC0-301F-11D3-BF4B-00C04F79EFBC}") = "VsIdeTestHostFramework", "tools\VsIdeHostAdapter\Framework\VsIdeTestHostFramework.csproj", "{614AC98E-A68E-4EB4-AF27-1CEDBA7CA3B4}"
EndProject
Project("{FAE04EC0-301F-11D3-BF4B-00C04F79EFBC}") = "E2ETests", "test\EFTools\E2ETests\E2ETests.csproj", "{D57EA46B-C581-4DE9-98C0-9FBEAF1F549A}"
EndProject
Project("{FAE04EC0-301F-11D3-BF4B-00C04F79EFBC}") = "DesignXmlCore", "src\EFTools\DesignXmlCore\DesignXmlCore.csproj", "{6C80DBCA-16C8-48C9-9019-AB6FDED788DE}"
EndProject
Project("{2150E333-8FDC-42A3-9474-1A3956D46DE8}") = "Tests", "Tests", "{1C53D94F-8968-4EE3-AD60-0D3ECCB4CE5E}"
EndProject
Project("{2150E333-8FDC-42A3-9474-1A3956D46DE8}") = "Runtime", "Runtime", "{1ABA62F9-EF43-4918-B368-1BEB35165C19}"
EndProject
Global
	GlobalSection(SolutionConfigurationPlatforms) = preSolution
		Debug|Any CPU = Debug|Any CPU
		DebugNet40|Any CPU = DebugNet40|Any CPU
		Release|Any CPU = Release|Any CPU
		ReleaseNet40|Any CPU = ReleaseNet40|Any CPU
	EndGlobalSection
	GlobalSection(ProjectConfigurationPlatforms) = postSolution
		{79B40A85-CDCC-4AC3-A583-77CA43CB5136}.Debug|Any CPU.ActiveCfg = Debug|Any CPU
		{79B40A85-CDCC-4AC3-A583-77CA43CB5136}.Debug|Any CPU.Build.0 = Debug|Any CPU
		{79B40A85-CDCC-4AC3-A583-77CA43CB5136}.DebugNet40|Any CPU.ActiveCfg = Debug|Any CPU
		{79B40A85-CDCC-4AC3-A583-77CA43CB5136}.DebugNet40|Any CPU.Build.0 = Debug|Any CPU
		{79B40A85-CDCC-4AC3-A583-77CA43CB5136}.Release|Any CPU.ActiveCfg = Release|Any CPU
		{79B40A85-CDCC-4AC3-A583-77CA43CB5136}.Release|Any CPU.Build.0 = Release|Any CPU
		{79B40A85-CDCC-4AC3-A583-77CA43CB5136}.ReleaseNet40|Any CPU.ActiveCfg = Release|Any CPU
		{79B40A85-CDCC-4AC3-A583-77CA43CB5136}.ReleaseNet40|Any CPU.Build.0 = Release|Any CPU
		{F904B4BE-C7CF-4E4F-85B7-B006A2D1C561}.Debug|Any CPU.ActiveCfg = Debug|Any CPU
		{F904B4BE-C7CF-4E4F-85B7-B006A2D1C561}.Debug|Any CPU.Build.0 = Debug|Any CPU
		{F904B4BE-C7CF-4E4F-85B7-B006A2D1C561}.DebugNet40|Any CPU.ActiveCfg = Debug|Any CPU
		{F904B4BE-C7CF-4E4F-85B7-B006A2D1C561}.DebugNet40|Any CPU.Build.0 = Debug|Any CPU
		{F904B4BE-C7CF-4E4F-85B7-B006A2D1C561}.Release|Any CPU.ActiveCfg = Release|Any CPU
		{F904B4BE-C7CF-4E4F-85B7-B006A2D1C561}.Release|Any CPU.Build.0 = Release|Any CPU
		{F904B4BE-C7CF-4E4F-85B7-B006A2D1C561}.ReleaseNet40|Any CPU.ActiveCfg = Release|Any CPU
		{F904B4BE-C7CF-4E4F-85B7-B006A2D1C561}.ReleaseNet40|Any CPU.Build.0 = Release|Any CPU
		{FC48CB33-A0D9-49ED-841D-CC88FD3D761D}.Debug|Any CPU.ActiveCfg = Debug|Any CPU
		{FC48CB33-A0D9-49ED-841D-CC88FD3D761D}.Debug|Any CPU.Build.0 = Debug|Any CPU
		{FC48CB33-A0D9-49ED-841D-CC88FD3D761D}.DebugNet40|Any CPU.ActiveCfg = Debug|Any CPU
		{FC48CB33-A0D9-49ED-841D-CC88FD3D761D}.DebugNet40|Any CPU.Build.0 = Debug|Any CPU
		{FC48CB33-A0D9-49ED-841D-CC88FD3D761D}.Release|Any CPU.ActiveCfg = Release|Any CPU
		{FC48CB33-A0D9-49ED-841D-CC88FD3D761D}.Release|Any CPU.Build.0 = Release|Any CPU
		{FC48CB33-A0D9-49ED-841D-CC88FD3D761D}.ReleaseNet40|Any CPU.ActiveCfg = Release|Any CPU
		{FC48CB33-A0D9-49ED-841D-CC88FD3D761D}.ReleaseNet40|Any CPU.Build.0 = Release|Any CPU
		{15000B5C-C005-473A-BA65-EAF37E660B2C}.Debug|Any CPU.ActiveCfg = Debug|Any CPU
		{15000B5C-C005-473A-BA65-EAF37E660B2C}.Debug|Any CPU.Build.0 = Debug|Any CPU
		{15000B5C-C005-473A-BA65-EAF37E660B2C}.DebugNet40|Any CPU.ActiveCfg = Debug|Any CPU
		{15000B5C-C005-473A-BA65-EAF37E660B2C}.DebugNet40|Any CPU.Build.0 = Debug|Any CPU
		{15000B5C-C005-473A-BA65-EAF37E660B2C}.Release|Any CPU.ActiveCfg = Release|Any CPU
		{15000B5C-C005-473A-BA65-EAF37E660B2C}.Release|Any CPU.Build.0 = Release|Any CPU
		{15000B5C-C005-473A-BA65-EAF37E660B2C}.ReleaseNet40|Any CPU.ActiveCfg = Release|Any CPU
		{15000B5C-C005-473A-BA65-EAF37E660B2C}.ReleaseNet40|Any CPU.Build.0 = Release|Any CPU
		{D3E74B27-C87A-4E1C-B885-16760AD7119C}.Debug|Any CPU.ActiveCfg = Debug|Any CPU
		{D3E74B27-C87A-4E1C-B885-16760AD7119C}.Debug|Any CPU.Build.0 = Debug|Any CPU
		{D3E74B27-C87A-4E1C-B885-16760AD7119C}.DebugNet40|Any CPU.ActiveCfg = Debug|Any CPU
		{D3E74B27-C87A-4E1C-B885-16760AD7119C}.DebugNet40|Any CPU.Build.0 = Debug|Any CPU
		{D3E74B27-C87A-4E1C-B885-16760AD7119C}.Release|Any CPU.ActiveCfg = Release|Any CPU
		{D3E74B27-C87A-4E1C-B885-16760AD7119C}.Release|Any CPU.Build.0 = Release|Any CPU
		{D3E74B27-C87A-4E1C-B885-16760AD7119C}.ReleaseNet40|Any CPU.ActiveCfg = Release|Any CPU
		{D3E74B27-C87A-4E1C-B885-16760AD7119C}.ReleaseNet40|Any CPU.Build.0 = Release|Any CPU
		{488B84C2-9358-4B90-BC2D-ED688939E6BB}.Debug|Any CPU.ActiveCfg = Debug|Any CPU
		{488B84C2-9358-4B90-BC2D-ED688939E6BB}.Debug|Any CPU.Build.0 = Debug|Any CPU
		{488B84C2-9358-4B90-BC2D-ED688939E6BB}.DebugNet40|Any CPU.ActiveCfg = Debug|Any CPU
		{488B84C2-9358-4B90-BC2D-ED688939E6BB}.DebugNet40|Any CPU.Build.0 = Debug|Any CPU
		{488B84C2-9358-4B90-BC2D-ED688939E6BB}.Release|Any CPU.ActiveCfg = Release|Any CPU
		{488B84C2-9358-4B90-BC2D-ED688939E6BB}.Release|Any CPU.Build.0 = Release|Any CPU
		{488B84C2-9358-4B90-BC2D-ED688939E6BB}.ReleaseNet40|Any CPU.ActiveCfg = Release|Any CPU
		{488B84C2-9358-4B90-BC2D-ED688939E6BB}.ReleaseNet40|Any CPU.Build.0 = Release|Any CPU
		{092010FF-C0C3-4564-B8F0-7758E630DE00}.Debug|Any CPU.ActiveCfg = Debug|Any CPU
		{092010FF-C0C3-4564-B8F0-7758E630DE00}.Debug|Any CPU.Build.0 = Debug|Any CPU
		{092010FF-C0C3-4564-B8F0-7758E630DE00}.DebugNet40|Any CPU.ActiveCfg = Debug|Any CPU
		{092010FF-C0C3-4564-B8F0-7758E630DE00}.DebugNet40|Any CPU.Build.0 = Debug|Any CPU
		{092010FF-C0C3-4564-B8F0-7758E630DE00}.Release|Any CPU.ActiveCfg = Release|Any CPU
		{092010FF-C0C3-4564-B8F0-7758E630DE00}.Release|Any CPU.Build.0 = Release|Any CPU
		{092010FF-C0C3-4564-B8F0-7758E630DE00}.ReleaseNet40|Any CPU.ActiveCfg = Release|Any CPU
		{092010FF-C0C3-4564-B8F0-7758E630DE00}.ReleaseNet40|Any CPU.Build.0 = Release|Any CPU
		{B44E942F-0AD1-4FB4-9146-DD1F8E17D4D8}.Debug|Any CPU.ActiveCfg = Debug|Any CPU
		{B44E942F-0AD1-4FB4-9146-DD1F8E17D4D8}.Debug|Any CPU.Build.0 = Debug|Any CPU
		{B44E942F-0AD1-4FB4-9146-DD1F8E17D4D8}.DebugNet40|Any CPU.ActiveCfg = Debug|Any CPU
		{B44E942F-0AD1-4FB4-9146-DD1F8E17D4D8}.DebugNet40|Any CPU.Build.0 = Debug|Any CPU
		{B44E942F-0AD1-4FB4-9146-DD1F8E17D4D8}.Release|Any CPU.ActiveCfg = Release|Any CPU
		{B44E942F-0AD1-4FB4-9146-DD1F8E17D4D8}.Release|Any CPU.Build.0 = Release|Any CPU
		{B44E942F-0AD1-4FB4-9146-DD1F8E17D4D8}.ReleaseNet40|Any CPU.ActiveCfg = Release|Any CPU
		{B44E942F-0AD1-4FB4-9146-DD1F8E17D4D8}.ReleaseNet40|Any CPU.Build.0 = Release|Any CPU
		{C7198BDF-EB70-44D3-BA61-45CC552248E4}.Debug|Any CPU.ActiveCfg = Debug|Any CPU
		{C7198BDF-EB70-44D3-BA61-45CC552248E4}.Debug|Any CPU.Build.0 = Debug|Any CPU
		{C7198BDF-EB70-44D3-BA61-45CC552248E4}.DebugNet40|Any CPU.ActiveCfg = Debug|Any CPU
		{C7198BDF-EB70-44D3-BA61-45CC552248E4}.DebugNet40|Any CPU.Build.0 = Debug|Any CPU
		{C7198BDF-EB70-44D3-BA61-45CC552248E4}.Release|Any CPU.ActiveCfg = Release|Any CPU
		{C7198BDF-EB70-44D3-BA61-45CC552248E4}.Release|Any CPU.Build.0 = Release|Any CPU
		{C7198BDF-EB70-44D3-BA61-45CC552248E4}.ReleaseNet40|Any CPU.ActiveCfg = Release|Any CPU
		{C7198BDF-EB70-44D3-BA61-45CC552248E4}.ReleaseNet40|Any CPU.Build.0 = Release|Any CPU
		{85A3A202-1727-4AC9-88CD-0531F9855895}.Debug|Any CPU.ActiveCfg = Debug|Any CPU
		{85A3A202-1727-4AC9-88CD-0531F9855895}.Debug|Any CPU.Build.0 = Debug|Any CPU
		{85A3A202-1727-4AC9-88CD-0531F9855895}.DebugNet40|Any CPU.ActiveCfg = Debug|Any CPU
		{85A3A202-1727-4AC9-88CD-0531F9855895}.DebugNet40|Any CPU.Build.0 = Debug|Any CPU
		{85A3A202-1727-4AC9-88CD-0531F9855895}.Release|Any CPU.ActiveCfg = Release|Any CPU
		{85A3A202-1727-4AC9-88CD-0531F9855895}.Release|Any CPU.Build.0 = Release|Any CPU
		{85A3A202-1727-4AC9-88CD-0531F9855895}.ReleaseNet40|Any CPU.ActiveCfg = Release|Any CPU
		{85A3A202-1727-4AC9-88CD-0531F9855895}.ReleaseNet40|Any CPU.Build.0 = Release|Any CPU
		{D43B0B37-B24F-4B4F-A314-75C48131CE04}.Debug|Any CPU.ActiveCfg = Debug|Any CPU
		{D43B0B37-B24F-4B4F-A314-75C48131CE04}.Debug|Any CPU.Build.0 = Debug|Any CPU
		{D43B0B37-B24F-4B4F-A314-75C48131CE04}.DebugNet40|Any CPU.ActiveCfg = Debug|Any CPU
		{D43B0B37-B24F-4B4F-A314-75C48131CE04}.DebugNet40|Any CPU.Build.0 = Debug|Any CPU
		{D43B0B37-B24F-4B4F-A314-75C48131CE04}.Release|Any CPU.ActiveCfg = Release|Any CPU
		{D43B0B37-B24F-4B4F-A314-75C48131CE04}.Release|Any CPU.Build.0 = Release|Any CPU
		{D43B0B37-B24F-4B4F-A314-75C48131CE04}.ReleaseNet40|Any CPU.ActiveCfg = Release|Any CPU
		{D43B0B37-B24F-4B4F-A314-75C48131CE04}.ReleaseNet40|Any CPU.Build.0 = Release|Any CPU
		{59A6AB41-2ACA-4949-8FC8-DFF1229D5A81}.Debug|Any CPU.ActiveCfg = Debug|Any CPU
		{59A6AB41-2ACA-4949-8FC8-DFF1229D5A81}.Debug|Any CPU.Build.0 = Debug|Any CPU
		{59A6AB41-2ACA-4949-8FC8-DFF1229D5A81}.DebugNet40|Any CPU.ActiveCfg = Debug|Any CPU
		{59A6AB41-2ACA-4949-8FC8-DFF1229D5A81}.DebugNet40|Any CPU.Build.0 = Debug|Any CPU
		{59A6AB41-2ACA-4949-8FC8-DFF1229D5A81}.Release|Any CPU.ActiveCfg = Release|Any CPU
		{59A6AB41-2ACA-4949-8FC8-DFF1229D5A81}.Release|Any CPU.Build.0 = Release|Any CPU
		{59A6AB41-2ACA-4949-8FC8-DFF1229D5A81}.ReleaseNet40|Any CPU.ActiveCfg = Release|Any CPU
		{59A6AB41-2ACA-4949-8FC8-DFF1229D5A81}.ReleaseNet40|Any CPU.Build.0 = Release|Any CPU
		{0518E682-510D-48F8-BB14-7151C50A1850}.Debug|Any CPU.ActiveCfg = Debug|Any CPU
		{0518E682-510D-48F8-BB14-7151C50A1850}.Debug|Any CPU.Build.0 = Debug|Any CPU
		{0518E682-510D-48F8-BB14-7151C50A1850}.DebugNet40|Any CPU.ActiveCfg = Debug|Any CPU
		{0518E682-510D-48F8-BB14-7151C50A1850}.DebugNet40|Any CPU.Build.0 = Debug|Any CPU
		{0518E682-510D-48F8-BB14-7151C50A1850}.Release|Any CPU.ActiveCfg = Release|Any CPU
		{0518E682-510D-48F8-BB14-7151C50A1850}.Release|Any CPU.Build.0 = Release|Any CPU
		{0518E682-510D-48F8-BB14-7151C50A1850}.ReleaseNet40|Any CPU.ActiveCfg = Release|Any CPU
		{0518E682-510D-48F8-BB14-7151C50A1850}.ReleaseNet40|Any CPU.Build.0 = Release|Any CPU
		{E06D1C12-EFE8-4413-A15C-AE01FC158F2F}.Debug|Any CPU.ActiveCfg = Debug|Any CPU
		{E06D1C12-EFE8-4413-A15C-AE01FC158F2F}.Debug|Any CPU.Build.0 = Debug|Any CPU
		{E06D1C12-EFE8-4413-A15C-AE01FC158F2F}.DebugNet40|Any CPU.ActiveCfg = DebugNet40|Any CPU
		{E06D1C12-EFE8-4413-A15C-AE01FC158F2F}.DebugNet40|Any CPU.Build.0 = DebugNet40|Any CPU
		{E06D1C12-EFE8-4413-A15C-AE01FC158F2F}.Release|Any CPU.ActiveCfg = Release|Any CPU
		{E06D1C12-EFE8-4413-A15C-AE01FC158F2F}.Release|Any CPU.Build.0 = Release|Any CPU
		{E06D1C12-EFE8-4413-A15C-AE01FC158F2F}.ReleaseNet40|Any CPU.ActiveCfg = ReleaseNet40|Any CPU
		{E06D1C12-EFE8-4413-A15C-AE01FC158F2F}.ReleaseNet40|Any CPU.Build.0 = ReleaseNet40|Any CPU
		{7FACAE3C-C4D1-4AB1-8775-01F7E34F5769}.Debug|Any CPU.ActiveCfg = Debug|Any CPU
		{7FACAE3C-C4D1-4AB1-8775-01F7E34F5769}.Debug|Any CPU.Build.0 = Debug|Any CPU
		{7FACAE3C-C4D1-4AB1-8775-01F7E34F5769}.DebugNet40|Any CPU.ActiveCfg = Debug|Any CPU
		{7FACAE3C-C4D1-4AB1-8775-01F7E34F5769}.DebugNet40|Any CPU.Build.0 = Debug|Any CPU
		{7FACAE3C-C4D1-4AB1-8775-01F7E34F5769}.Release|Any CPU.ActiveCfg = Release|Any CPU
		{7FACAE3C-C4D1-4AB1-8775-01F7E34F5769}.Release|Any CPU.Build.0 = Release|Any CPU
		{7FACAE3C-C4D1-4AB1-8775-01F7E34F5769}.ReleaseNet40|Any CPU.ActiveCfg = Release|Any CPU
		{7FACAE3C-C4D1-4AB1-8775-01F7E34F5769}.ReleaseNet40|Any CPU.Build.0 = Release|Any CPU
		{6F4BB80B-5F74-44D3-A77F-0025DFA48C1A}.Debug|Any CPU.ActiveCfg = Debug|Any CPU
		{6F4BB80B-5F74-44D3-A77F-0025DFA48C1A}.Debug|Any CPU.Build.0 = Debug|Any CPU
		{6F4BB80B-5F74-44D3-A77F-0025DFA48C1A}.DebugNet40|Any CPU.ActiveCfg = DebugNet40|Any CPU
		{6F4BB80B-5F74-44D3-A77F-0025DFA48C1A}.DebugNet40|Any CPU.Build.0 = DebugNet40|Any CPU
		{6F4BB80B-5F74-44D3-A77F-0025DFA48C1A}.Release|Any CPU.ActiveCfg = Release|Any CPU
		{6F4BB80B-5F74-44D3-A77F-0025DFA48C1A}.Release|Any CPU.Build.0 = Release|Any CPU
		{6F4BB80B-5F74-44D3-A77F-0025DFA48C1A}.ReleaseNet40|Any CPU.ActiveCfg = ReleaseNet40|Any CPU
		{6F4BB80B-5F74-44D3-A77F-0025DFA48C1A}.ReleaseNet40|Any CPU.Build.0 = ReleaseNet40|Any CPU
		{1EF9C524-7122-4677-B111-DD14BB2A9EA2}.Debug|Any CPU.ActiveCfg = Debug|Any CPU
		{1EF9C524-7122-4677-B111-DD14BB2A9EA2}.Debug|Any CPU.Build.0 = Debug|Any CPU
		{1EF9C524-7122-4677-B111-DD14BB2A9EA2}.DebugNet40|Any CPU.ActiveCfg = DebugNet40|Any CPU
		{1EF9C524-7122-4677-B111-DD14BB2A9EA2}.DebugNet40|Any CPU.Build.0 = DebugNet40|Any CPU
		{1EF9C524-7122-4677-B111-DD14BB2A9EA2}.Release|Any CPU.ActiveCfg = Release|Any CPU
		{1EF9C524-7122-4677-B111-DD14BB2A9EA2}.Release|Any CPU.Build.0 = Release|Any CPU
		{1EF9C524-7122-4677-B111-DD14BB2A9EA2}.ReleaseNet40|Any CPU.ActiveCfg = ReleaseNet40|Any CPU
		{1EF9C524-7122-4677-B111-DD14BB2A9EA2}.ReleaseNet40|Any CPU.Build.0 = ReleaseNet40|Any CPU
		{614AC98E-A68E-4EB4-AF27-1CEDBA7CA3B4}.Debug|Any CPU.ActiveCfg = Debug|Any CPU
		{614AC98E-A68E-4EB4-AF27-1CEDBA7CA3B4}.Debug|Any CPU.Build.0 = Debug|Any CPU
		{614AC98E-A68E-4EB4-AF27-1CEDBA7CA3B4}.DebugNet40|Any CPU.ActiveCfg = Debug|Any CPU
		{614AC98E-A68E-4EB4-AF27-1CEDBA7CA3B4}.DebugNet40|Any CPU.Build.0 = Debug|Any CPU
		{614AC98E-A68E-4EB4-AF27-1CEDBA7CA3B4}.Release|Any CPU.ActiveCfg = Release|Any CPU
		{614AC98E-A68E-4EB4-AF27-1CEDBA7CA3B4}.Release|Any CPU.Build.0 = Release|Any CPU
		{614AC98E-A68E-4EB4-AF27-1CEDBA7CA3B4}.ReleaseNet40|Any CPU.ActiveCfg = Release|Any CPU
		{614AC98E-A68E-4EB4-AF27-1CEDBA7CA3B4}.ReleaseNet40|Any CPU.Build.0 = Release|Any CPU
		{D57EA46B-C581-4DE9-98C0-9FBEAF1F549A}.Debug|Any CPU.ActiveCfg = Debug|Any CPU
		{D57EA46B-C581-4DE9-98C0-9FBEAF1F549A}.Debug|Any CPU.Build.0 = Debug|Any CPU
		{D57EA46B-C581-4DE9-98C0-9FBEAF1F549A}.DebugNet40|Any CPU.ActiveCfg = Debug|Any CPU
		{D57EA46B-C581-4DE9-98C0-9FBEAF1F549A}.DebugNet40|Any CPU.Build.0 = Debug|Any CPU
		{D57EA46B-C581-4DE9-98C0-9FBEAF1F549A}.Release|Any CPU.ActiveCfg = Release|Any CPU
		{D57EA46B-C581-4DE9-98C0-9FBEAF1F549A}.Release|Any CPU.Build.0 = Release|Any CPU
		{D57EA46B-C581-4DE9-98C0-9FBEAF1F549A}.ReleaseNet40|Any CPU.ActiveCfg = Release|Any CPU
		{D57EA46B-C581-4DE9-98C0-9FBEAF1F549A}.ReleaseNet40|Any CPU.Build.0 = Release|Any CPU
		{6C80DBCA-16C8-48C9-9019-AB6FDED788DE}.Debug|Any CPU.ActiveCfg = Debug|Any CPU
		{6C80DBCA-16C8-48C9-9019-AB6FDED788DE}.Debug|Any CPU.Build.0 = Debug|Any CPU
		{6C80DBCA-16C8-48C9-9019-AB6FDED788DE}.DebugNet40|Any CPU.ActiveCfg = Debug|Any CPU
		{6C80DBCA-16C8-48C9-9019-AB6FDED788DE}.DebugNet40|Any CPU.Build.0 = Debug|Any CPU
		{6C80DBCA-16C8-48C9-9019-AB6FDED788DE}.Release|Any CPU.ActiveCfg = Release|Any CPU
		{6C80DBCA-16C8-48C9-9019-AB6FDED788DE}.Release|Any CPU.Build.0 = Release|Any CPU
		{6C80DBCA-16C8-48C9-9019-AB6FDED788DE}.ReleaseNet40|Any CPU.ActiveCfg = Release|Any CPU
		{6C80DBCA-16C8-48C9-9019-AB6FDED788DE}.ReleaseNet40|Any CPU.Build.0 = Release|Any CPU
	EndGlobalSection
	GlobalSection(SolutionProperties) = preSolution
		HideSolutionNode = FALSE
	EndGlobalSection
	GlobalSection(NestedProjects) = preSolution
		{D57EA46B-C581-4DE9-98C0-9FBEAF1F549A} = {1C53D94F-8968-4EE3-AD60-0D3ECCB4CE5E}
		{D43B0B37-B24F-4B4F-A314-75C48131CE04} = {1C53D94F-8968-4EE3-AD60-0D3ECCB4CE5E}
		{85A3A202-1727-4AC9-88CD-0531F9855895} = {1C53D94F-8968-4EE3-AD60-0D3ECCB4CE5E}
		{59A6AB41-2ACA-4949-8FC8-DFF1229D5A81} = {1C53D94F-8968-4EE3-AD60-0D3ECCB4CE5E}
		{7FACAE3C-C4D1-4AB1-8775-01F7E34F5769} = {1C53D94F-8968-4EE3-AD60-0D3ECCB4CE5E}
		{614AC98E-A68E-4EB4-AF27-1CEDBA7CA3B4} = {1C53D94F-8968-4EE3-AD60-0D3ECCB4CE5E}
		{E06D1C12-EFE8-4413-A15C-AE01FC158F2F} = {1ABA62F9-EF43-4918-B368-1BEB35165C19}
		{6F4BB80B-5F74-44D3-A77F-0025DFA48C1A} = {1ABA62F9-EF43-4918-B368-1BEB35165C19}
		{1EF9C524-7122-4677-B111-DD14BB2A9EA2} = {1ABA62F9-EF43-4918-B368-1BEB35165C19}
	EndGlobalSection
EndGlobal
