Microsoft Visual Studio Solution File, Format Version 12.00
# Visual Studio 11
Project("{2150E333-8FDC-42A3-9474-1A3956D46DE8}") = "Shared", "Shared", "{6A921FFC-887B-4406-A3E6-8E41817020B5}"
	ProjectSection(SolutionItems) = preProject
		src\EcmaPublicKey.snk = src\EcmaPublicKey.snk
		src\SharedAssemblyInfo.cs = src\SharedAssemblyInfo.cs
	EndProjectSection
EndProject
Project("{2150E333-8FDC-42A3-9474-1A3956D46DE8}") = "NuGet", "NuGet", "{99CFD9EF-C7D4-4E98-AD69-E56C99902B31}"
	ProjectSection(SolutionItems) = preProject
		src\NuGet\NuGet.proj = src\NuGet\NuGet.proj
	EndProjectSection
EndProject
Project("{2150E333-8FDC-42A3-9474-1A3956D46DE8}") = "EntityFramework", "EntityFramework", "{35E03DA3-8E9D-489C-B356-95E23847A575}"
	ProjectSection(SolutionItems) = preProject
		src\NuGet\EntityFramework\EntityFramework.nuspec = src\NuGet\EntityFramework\EntityFramework.nuspec
	EndProjectSection
EndProject
Project("{2150E333-8FDC-42A3-9474-1A3956D46DE8}") = "Content", "Content", "{39D4F299-DE9D-4D3D-8CDB-F569C6950F49}"
	ProjectSection(SolutionItems) = preProject
		src\NuGet\EntityFramework\Content\App.config.transform = src\NuGet\EntityFramework\Content\App.config.transform
		src\NuGet\EntityFramework\Content\Web.config.transform = src\NuGet\EntityFramework\Content\Web.config.transform
	EndProjectSection
EndProject
Project("{2150E333-8FDC-42A3-9474-1A3956D46DE8}") = "tools", "tools", "{004FD563-72FA-456F-B4F8-011C307C4FDE}"
	ProjectSection(SolutionItems) = preProject
		src\NuGet\EntityFramework\tools\EF5.0on.NET4.0Readme.txt = src\NuGet\EntityFramework\tools\EF5.0on.NET4.0Readme.txt
		src\NuGet\EntityFramework\tools\EntityFramework.psd1 = src\NuGet\EntityFramework\tools\EntityFramework.psd1
		src\NuGet\EntityFramework\tools\EntityFramework.psm1 = src\NuGet\EntityFramework\tools\EntityFramework.psm1
		src\NuGet\EntityFramework\tools\Redirect.config = src\NuGet\EntityFramework\tools\Redirect.config
		src\NuGet\EntityFramework\tools\about_EntityFramework.help.txt = src\NuGet\EntityFramework\tools\about_EntityFramework.help.txt
		src\NuGet\EntityFramework\tools\init.ps1 = src\NuGet\EntityFramework\tools\init.ps1
		src\NuGet\EntityFramework\tools\install.ps1 = src\NuGet\EntityFramework\tools\install.ps1
	EndProjectSection
EndProject
Project("{2150E333-8FDC-42A3-9474-1A3956D46DE8}") = "EntityFramework.SqlServerCompact", "EntityFramework.SqlServerCompact", "{92C7E08B-70D1-4943-A221-576A45E4AD37}"
	ProjectSection(SolutionItems) = preProject
		src\NuGet\EntityFramework.SqlServerCompact\EntityFramework.SqlServerCompact.nuspec = src\NuGet\EntityFramework.SqlServerCompact\EntityFramework.SqlServerCompact.nuspec
	EndProjectSection
EndProject
Project("{2150E333-8FDC-42A3-9474-1A3956D46DE8}") = "Content", "Content", "{77D79ABD-0172-414D-B9EE-67E5EE491A6F}"
	ProjectSection(SolutionItems) = preProject
		src\NuGet\EntityFramework.SqlServerCompact\Content\App.config.transform = src\NuGet\EntityFramework.SqlServerCompact\Content\App.config.transform
		src\NuGet\EntityFramework.SqlServerCompact\Content\Web.config.transform = src\NuGet\EntityFramework.SqlServerCompact\Content\Web.config.transform
	EndProjectSection
EndProject
Project("{2150E333-8FDC-42A3-9474-1A3956D46DE8}") = "tools", "tools", "{41D51222-2246-4CDE-83E8-65D1AAE6962E}"
	ProjectSection(SolutionItems) = preProject
		src\NuGet\EntityFramework.SqlServerCompact\tools\install.ps1 = src\NuGet\EntityFramework.SqlServerCompact\tools\install.ps1
	EndProjectSection
EndProject
Project("{FAE04EC0-301F-11D3-BF4B-00C04F79EFBC}") = "EntityFramework", "src\EntityFramework\EntityFramework.csproj", "{E06D1C12-EFE8-4413-A15C-AE01FC158F2F}"
EndProject
Project("{FAE04EC0-301F-11D3-BF4B-00C04F79EFBC}") = "EntityFramework.PowerShell", "src\EntityFramework.PowerShell\EntityFramework.PowerShell.csproj", "{1F3817E9-8070-4429-B134-9674698DD78C}"
EndProject
Project("{FAE04EC0-301F-11D3-BF4B-00C04F79EFBC}") = "EntityFramework.PowerShell.Utility", "src\EntityFramework.PowerShell.Utility\EntityFramework.PowerShell.Utility.csproj", "{73636C32-5633-4D12-AA7B-88DCC26ACDB7}"
EndProject
Project("{FAE04EC0-301F-11D3-BF4B-00C04F79EFBC}") = "Migrate", "src\Migrate\Migrate.csproj", "{0D77532F-7478-4BBB-9790-95F52A3DADDA}"
EndProject
Project("{2150E333-8FDC-42A3-9474-1A3956D46DE8}") = "Tests", "Tests", "{24A9C4D1-E189-4D3A-A2D7-36D3ED51D277}"
EndProject
Project("{FAE04EC0-301F-11D3-BF4B-00C04F79EFBC}") = "UnitTests", "test\UnitTests\UnitTests.csproj", "{E8E91C5F-E54C-41B1-AE1B-62E047BF49D5}"
EndProject
Project("{FAE04EC0-301F-11D3-BF4B-00C04F79EFBC}") = "FunctionalTests", "test\FunctionalTests\FunctionalTests.csproj", "{23330EF8-2593-4B0A-A70F-12E6BE1F46C4}"
EndProject
Project("{F184B08F-C81C-45F6-A57F-5ABD9991F28F}") = "VBTests", "test\VBTests\VBTests.vbproj", "{CF1C27F8-D603-4960-BE99-BCF348545368}"
EndProject
Global
	GlobalSection(SolutionConfigurationPlatforms) = preSolution
		Debug|Any CPU = Debug|Any CPU
		Release|Any CPU = Release|Any CPU
	EndGlobalSection
	GlobalSection(ProjectConfigurationPlatforms) = postSolution
		{0D77532F-7478-4BBB-9790-95F52A3DADDA}.Debug|Any CPU.ActiveCfg = Debug|Any CPU
		{0D77532F-7478-4BBB-9790-95F52A3DADDA}.Debug|Any CPU.Build.0 = Debug|Any CPU
		{0D77532F-7478-4BBB-9790-95F52A3DADDA}.Release|Any CPU.ActiveCfg = Release|Any CPU
		{0D77532F-7478-4BBB-9790-95F52A3DADDA}.Release|Any CPU.Build.0 = Release|Any CPU
		{1F3817E9-8070-4429-B134-9674698DD78C}.Debug|Any CPU.ActiveCfg = Debug|Any CPU
		{1F3817E9-8070-4429-B134-9674698DD78C}.Debug|Any CPU.Build.0 = Debug|Any CPU
		{1F3817E9-8070-4429-B134-9674698DD78C}.Release|Any CPU.ActiveCfg = Release|Any CPU
		{1F3817E9-8070-4429-B134-9674698DD78C}.Release|Any CPU.Build.0 = Release|Any CPU
		{23330EF8-2593-4B0A-A70F-12E6BE1F46C4}.Debug|Any CPU.ActiveCfg = Debug|Any CPU
		{23330EF8-2593-4B0A-A70F-12E6BE1F46C4}.Debug|Any CPU.Build.0 = Debug|Any CPU
		{23330EF8-2593-4B0A-A70F-12E6BE1F46C4}.Release|Any CPU.ActiveCfg = Release|Any CPU
		{23330EF8-2593-4B0A-A70F-12E6BE1F46C4}.Release|Any CPU.Build.0 = Release|Any CPU
		{73636C32-5633-4D12-AA7B-88DCC26ACDB7}.Debug|Any CPU.ActiveCfg = Debug|Any CPU
		{73636C32-5633-4D12-AA7B-88DCC26ACDB7}.Debug|Any CPU.Build.0 = Debug|Any CPU
		{73636C32-5633-4D12-AA7B-88DCC26ACDB7}.Release|Any CPU.ActiveCfg = Release|Any CPU
		{73636C32-5633-4D12-AA7B-88DCC26ACDB7}.Release|Any CPU.Build.0 = Release|Any CPU
		{CF1C27F8-D603-4960-BE99-BCF348545368}.Debug|Any CPU.ActiveCfg = Debug|Any CPU
		{CF1C27F8-D603-4960-BE99-BCF348545368}.Debug|Any CPU.Build.0 = Debug|Any CPU
		{CF1C27F8-D603-4960-BE99-BCF348545368}.Release|Any CPU.ActiveCfg = Release|Any CPU
		{CF1C27F8-D603-4960-BE99-BCF348545368}.Release|Any CPU.Build.0 = Release|Any CPU
		{E06D1C12-EFE8-4413-A15C-AE01FC158F2F}.Debug|Any CPU.ActiveCfg = Debug|Any CPU
		{E06D1C12-EFE8-4413-A15C-AE01FC158F2F}.Debug|Any CPU.Build.0 = Debug|Any CPU
		{E06D1C12-EFE8-4413-A15C-AE01FC158F2F}.Release|Any CPU.ActiveCfg = Release|Any CPU
		{E06D1C12-EFE8-4413-A15C-AE01FC158F2F}.Release|Any CPU.Build.0 = Release|Any CPU
		{E8E91C5F-E54C-41B1-AE1B-62E047BF49D5}.Debug|Any CPU.ActiveCfg = Debug|Any CPU
		{E8E91C5F-E54C-41B1-AE1B-62E047BF49D5}.Debug|Any CPU.Build.0 = Debug|Any CPU
		{E8E91C5F-E54C-41B1-AE1B-62E047BF49D5}.Release|Any CPU.ActiveCfg = Release|Any CPU
		{E8E91C5F-E54C-41B1-AE1B-62E047BF49D5}.Release|Any CPU.Build.0 = Release|Any CPU
	EndGlobalSection
	GlobalSection(SolutionProperties) = preSolution
		HideSolutionNode = FALSE
	EndGlobalSection
	GlobalSection(NestedProjects) = preSolution
		{004FD563-72FA-456F-B4F8-011C307C4FDE} = {35E03DA3-8E9D-489C-B356-95E23847A575}
		{23330EF8-2593-4B0A-A70F-12E6BE1F46C4} = {24A9C4D1-E189-4D3A-A2D7-36D3ED51D277}
		{35E03DA3-8E9D-489C-B356-95E23847A575} = {99CFD9EF-C7D4-4E98-AD69-E56C99902B31}
		{39D4F299-DE9D-4D3D-8CDB-F569C6950F49} = {35E03DA3-8E9D-489C-B356-95E23847A575}
		{41D51222-2246-4CDE-83E8-65D1AAE6962E} = {92C7E08B-70D1-4943-A221-576A45E4AD37}
		{77D79ABD-0172-414D-B9EE-67E5EE491A6F} = {92C7E08B-70D1-4943-A221-576A45E4AD37}
		{92C7E08B-70D1-4943-A221-576A45E4AD37} = {99CFD9EF-C7D4-4E98-AD69-E56C99902B31}
		{CF1C27F8-D603-4960-BE99-BCF348545368} = {24A9C4D1-E189-4D3A-A2D7-36D3ED51D277}
		{E8E91C5F-E54C-41B1-AE1B-62E047BF49D5} = {24A9C4D1-E189-4D3A-A2D7-36D3ED51D277}
	EndGlobalSection
EndGlobal
