
Microsoft Visual Studio Solution File, Format Version 12.00
# Visual Studio Version 16
VisualStudioVersion = 16.0.28407.52
MinimumVisualStudioVersion = 15.0.26124.0
Project("{2150E333-8FDC-42A3-9474-1A3956D46DE8}") = "Shared", "Shared", "{6A921FFC-887B-4406-A3E6-8E41817020B5}"
	ProjectSection(SolutionItems) = preProject
		src\SharedAssemblyInfo.cs = src\SharedAssemblyInfo.cs
		src\SharedAssemblyVersionInfo.cs = src\SharedAssemblyVersionInfo.cs
	EndProjectSection
EndProject
Project("{2150E333-8FDC-42A3-9474-1A3956D46DE8}") = "NuGet", "NuGet", "{99CFD9EF-C7D4-4E98-AD69-E56C99902B31}"
EndProject
Project("{9A19103F-16F7-4668-BE54-9A1E7A4F7556}") = "EntityFramework.NuGet", "src\NuGet\EntityFramework\EntityFramework.NuGet.csproj", "{347166B4-7C38-47F3-B51A-C8C4A30FB01D}"
EndProject
Project("{9A19103F-16F7-4668-BE54-9A1E7A4F7556}") = "EntityFramework", "src\EntityFramework\EntityFramework.csproj", "{E06D1C12-EFE8-4413-A15C-AE01FC158F2F}"
EndProject
Project("{9A19103F-16F7-4668-BE54-9A1E7A4F7556}") = "EntityFramework.PowerShell", "src\EntityFramework.PowerShell\EntityFramework.PowerShell.csproj", "{1F3817E9-8070-4429-B134-9674698DD78C}"
EndProject
Project("{9A19103F-16F7-4668-BE54-9A1E7A4F7556}") = "EntityFramework.PowerShell.Utility", "src\EntityFramework.PowerShell.Utility\EntityFramework.PowerShell.Utility.csproj", "{73636C32-5633-4D12-AA7B-88DCC26ACDB7}"
EndProject
Project("{9A19103F-16F7-4668-BE54-9A1E7A4F7556}") = "Migrate", "src\Migrate\Migrate.csproj", "{0D77532F-7478-4BBB-9790-95F52A3DADDA}"
EndProject
Project("{2150E333-8FDC-42A3-9474-1A3956D46DE8}") = "Tests", "Tests", "{24A9C4D1-E189-4D3A-A2D7-36D3ED51D277}"
EndProject
Project("{9A19103F-16F7-4668-BE54-9A1E7A4F7556}") = "UnitTests", "test\EntityFramework\UnitTests\UnitTests.csproj", "{E8E91C5F-E54C-41B1-AE1B-62E047BF49D5}"
EndProject
Project("{9A19103F-16F7-4668-BE54-9A1E7A4F7556}") = "FunctionalTests", "test\EntityFramework\FunctionalTests\FunctionalTests.csproj", "{23330EF8-2593-4B0A-A70F-12E6BE1F46C4}"
EndProject
Project("{778DAE3C-4631-46EA-AA77-85C1314464D9}") = "VBTests", "test\EntityFramework\VBTests\VBTests.vbproj", "{CF1C27F8-D603-4960-BE99-BCF348545368}"
EndProject
Project("{9A19103F-16F7-4668-BE54-9A1E7A4F7556}") = "EntityFramework.SqlServer", "src\EntityFramework.SqlServer\EntityFramework.SqlServer.csproj", "{6F4BB80B-5F74-44D3-A77F-0025DFA48C1A}"
EndProject
Project("{9A19103F-16F7-4668-BE54-9A1E7A4F7556}") = "EntityFramework.SqlServerCompact", "src\EntityFramework.SqlServerCompact\EntityFramework.SqlServerCompact.csproj", "{1EF9C524-7122-4677-B111-DD14BB2A9EA2}"
EndProject
Project("{9A19103F-16F7-4668-BE54-9A1E7A4F7556}") = "FunctionalTests.Transitional", "test\EntityFramework\FunctionalTests.Transitional\FunctionalTests.Transitional.csproj", "{3D65611F-E8FB-4A33-9196-7836969D6378}"
EndProject
Project("{9A19103F-16F7-4668-BE54-9A1E7A4F7556}") = "FunctionalTests.ProviderAgnostic", "test\EntityFramework\FunctionalTests.ProviderAgnostic\FunctionalTests.ProviderAgnostic.csproj", "{C0B5124C-0133-4E0B-BF36-A32CE5AD9DAA}"
EndProject
Global
	GlobalSection(SolutionConfigurationPlatforms) = preSolution
		Debug|Any CPU = Debug|Any CPU
		Release|Any CPU = Release|Any CPU
	EndGlobalSection
	GlobalSection(ProjectConfigurationPlatforms) = postSolution
		{347166B4-7C38-47F3-B51A-C8C4A30FB01D}.Debug|Any CPU.ActiveCfg = Debug|Any CPU
		{347166B4-7C38-47F3-B51A-C8C4A30FB01D}.Debug|Any CPU.Build.0 = Debug|Any CPU
		{347166B4-7C38-47F3-B51A-C8C4A30FB01D}.Release|Any CPU.ActiveCfg = Release|Any CPU
		{347166B4-7C38-47F3-B51A-C8C4A30FB01D}.Release|Any CPU.Build.0 = Release|Any CPU
		{E06D1C12-EFE8-4413-A15C-AE01FC158F2F}.Debug|Any CPU.ActiveCfg = Debug|Any CPU
		{E06D1C12-EFE8-4413-A15C-AE01FC158F2F}.Debug|Any CPU.Build.0 = Debug|Any CPU
		{E06D1C12-EFE8-4413-A15C-AE01FC158F2F}.Release|Any CPU.ActiveCfg = Release|Any CPU
		{E06D1C12-EFE8-4413-A15C-AE01FC158F2F}.Release|Any CPU.Build.0 = Release|Any CPU
		{1F3817E9-8070-4429-B134-9674698DD78C}.Debug|Any CPU.ActiveCfg = Debug|Any CPU
		{1F3817E9-8070-4429-B134-9674698DD78C}.Debug|Any CPU.Build.0 = Debug|Any CPU
		{1F3817E9-8070-4429-B134-9674698DD78C}.Release|Any CPU.ActiveCfg = Release|Any CPU
		{1F3817E9-8070-4429-B134-9674698DD78C}.Release|Any CPU.Build.0 = Release|Any CPU
		{73636C32-5633-4D12-AA7B-88DCC26ACDB7}.Debug|Any CPU.ActiveCfg = Debug|Any CPU
		{73636C32-5633-4D12-AA7B-88DCC26ACDB7}.Debug|Any CPU.Build.0 = Debug|Any CPU
		{73636C32-5633-4D12-AA7B-88DCC26ACDB7}.Release|Any CPU.ActiveCfg = Release|Any CPU
		{73636C32-5633-4D12-AA7B-88DCC26ACDB7}.Release|Any CPU.Build.0 = Release|Any CPU
		{0D77532F-7478-4BBB-9790-95F52A3DADDA}.Debug|Any CPU.ActiveCfg = Debug|Any CPU
		{0D77532F-7478-4BBB-9790-95F52A3DADDA}.Debug|Any CPU.Build.0 = Debug|Any CPU
		{0D77532F-7478-4BBB-9790-95F52A3DADDA}.Release|Any CPU.ActiveCfg = Release|Any CPU
		{0D77532F-7478-4BBB-9790-95F52A3DADDA}.Release|Any CPU.Build.0 = Release|Any CPU
		{E8E91C5F-E54C-41B1-AE1B-62E047BF49D5}.Debug|Any CPU.ActiveCfg = Debug|Any CPU
		{E8E91C5F-E54C-41B1-AE1B-62E047BF49D5}.Debug|Any CPU.Build.0 = Debug|Any CPU
		{E8E91C5F-E54C-41B1-AE1B-62E047BF49D5}.Release|Any CPU.ActiveCfg = Release|Any CPU
		{E8E91C5F-E54C-41B1-AE1B-62E047BF49D5}.Release|Any CPU.Build.0 = Release|Any CPU
		{23330EF8-2593-4B0A-A70F-12E6BE1F46C4}.Debug|Any CPU.ActiveCfg = Debug|Any CPU
		{23330EF8-2593-4B0A-A70F-12E6BE1F46C4}.Debug|Any CPU.Build.0 = Debug|Any CPU
		{23330EF8-2593-4B0A-A70F-12E6BE1F46C4}.Release|Any CPU.ActiveCfg = Release|Any CPU
		{23330EF8-2593-4B0A-A70F-12E6BE1F46C4}.Release|Any CPU.Build.0 = Release|Any CPU
		{CF1C27F8-D603-4960-BE99-BCF348545368}.Debug|Any CPU.ActiveCfg = Debug|Any CPU
		{CF1C27F8-D603-4960-BE99-BCF348545368}.Debug|Any CPU.Build.0 = Debug|Any CPU
		{CF1C27F8-D603-4960-BE99-BCF348545368}.Release|Any CPU.ActiveCfg = Release|Any CPU
		{CF1C27F8-D603-4960-BE99-BCF348545368}.Release|Any CPU.Build.0 = Release|Any CPU
		{6F4BB80B-5F74-44D3-A77F-0025DFA48C1A}.Debug|Any CPU.ActiveCfg = Debug|Any CPU
		{6F4BB80B-5F74-44D3-A77F-0025DFA48C1A}.Debug|Any CPU.Build.0 = Debug|Any CPU
		{6F4BB80B-5F74-44D3-A77F-0025DFA48C1A}.Release|Any CPU.ActiveCfg = Release|Any CPU
		{6F4BB80B-5F74-44D3-A77F-0025DFA48C1A}.Release|Any CPU.Build.0 = Release|Any CPU
		{1EF9C524-7122-4677-B111-DD14BB2A9EA2}.Debug|Any CPU.ActiveCfg = Debug|Any CPU
		{1EF9C524-7122-4677-B111-DD14BB2A9EA2}.Debug|Any CPU.Build.0 = Debug|Any CPU
		{1EF9C524-7122-4677-B111-DD14BB2A9EA2}.Release|Any CPU.ActiveCfg = Release|Any CPU
		{1EF9C524-7122-4677-B111-DD14BB2A9EA2}.Release|Any CPU.Build.0 = Release|Any CPU
		{3D65611F-E8FB-4A33-9196-7836969D6378}.Debug|Any CPU.ActiveCfg = Debug|Any CPU
		{3D65611F-E8FB-4A33-9196-7836969D6378}.Debug|Any CPU.Build.0 = Debug|Any CPU
		{3D65611F-E8FB-4A33-9196-7836969D6378}.Release|Any CPU.ActiveCfg = Release|Any CPU
		{3D65611F-E8FB-4A33-9196-7836969D6378}.Release|Any CPU.Build.0 = Release|Any CPU
		{C0B5124C-0133-4E0B-BF36-A32CE5AD9DAA}.Debug|Any CPU.ActiveCfg = Debug|Any CPU
		{C0B5124C-0133-4E0B-BF36-A32CE5AD9DAA}.Debug|Any CPU.Build.0 = Debug|Any CPU
		{C0B5124C-0133-4E0B-BF36-A32CE5AD9DAA}.Release|Any CPU.ActiveCfg = Release|Any CPU
		{C0B5124C-0133-4E0B-BF36-A32CE5AD9DAA}.Release|Any CPU.Build.0 = Release|Any CPU
	EndGlobalSection
	GlobalSection(SolutionProperties) = preSolution
		HideSolutionNode = FALSE
	EndGlobalSection
	GlobalSection(NestedProjects) = preSolution
		{347166B4-7C38-47F3-B51A-C8C4A30FB01D} = {99CFD9EF-C7D4-4E98-AD69-E56C99902B31}
		{E8E91C5F-E54C-41B1-AE1B-62E047BF49D5} = {24A9C4D1-E189-4D3A-A2D7-36D3ED51D277}
		{23330EF8-2593-4B0A-A70F-12E6BE1F46C4} = {24A9C4D1-E189-4D3A-A2D7-36D3ED51D277}
		{CF1C27F8-D603-4960-BE99-BCF348545368} = {24A9C4D1-E189-4D3A-A2D7-36D3ED51D277}
		{3D65611F-E8FB-4A33-9196-7836969D6378} = {24A9C4D1-E189-4D3A-A2D7-36D3ED51D277}
		{C0B5124C-0133-4E0B-BF36-A32CE5AD9DAA} = {24A9C4D1-E189-4D3A-A2D7-36D3ED51D277}
	EndGlobalSection
	GlobalSection(ExtensibilityGlobals) = postSolution
		SolutionGuid = {D7045317-2675-4853-926A-4D4354176EEE}
	EndGlobalSection
EndGlobal
