
Microsoft Visual Studio Solution File, Format Version 12.00
# Visual Studio Version 16
VisualStudioVersion = 16.0.31515.178
MinimumVisualStudioVersion = 10.0.40219.1
Project("{2150E333-8FDC-42A3-9474-1A3956D46DE8}") = "Tests", "Tests", "{2AE1B177-580C-44F1-9514-B3F23F4B1433}"
EndProject
Project("{9A19103F-16F7-4668-BE54-9A1E7A4F7556}") = "FunctionalTests", "test\FunctionalTests\FunctionalTests.csproj", "{6300CB19-C2A1-46F9-8657-C52ECBB03529}"
EndProject
Project("{9A19103F-16F7-4668-BE54-9A1E7A4F7556}") = "UnitTests", "test\UnitTests\UnitTests.csproj", "{04B5C3AB-A55C-4F3C-9DBC-A652008EE670}"
EndProject
Project("{9A19103F-16F7-4668-BE54-9A1E7A4F7556}") = "ErikEJ.EntityFramework.SqlServer", "src\ErikEJ.EntityFramework.SqlServer\ErikEJ.EntityFramework.SqlServer.csproj", "{730A8F34-F3AA-4026-BACC-BA75FD3EECC2}"
EndProject
Global
	GlobalSection(SolutionConfigurationPlatforms) = preSolution
		Debug|Any CPU = Debug|Any CPU
		Release|Any CPU = Release|Any CPU
	EndGlobalSection
	GlobalSection(ProjectConfigurationPlatforms) = postSolution
		{6300CB19-C2A1-46F9-8657-C52ECBB03529}.Debug|Any CPU.ActiveCfg = Debug|Any CPU
		{6300CB19-C2A1-46F9-8657-C52ECBB03529}.Debug|Any CPU.Build.0 = Debug|Any CPU
		{6300CB19-C2A1-46F9-8657-C52ECBB03529}.Release|Any CPU.ActiveCfg = Release|Any CPU
		{6300CB19-C2A1-46F9-8657-C52ECBB03529}.Release|Any CPU.Build.0 = Release|Any CPU
		{04B5C3AB-A55C-4F3C-9DBC-A652008EE670}.Debug|Any CPU.ActiveCfg = Debug|Any CPU
		{04B5C3AB-A55C-4F3C-9DBC-A652008EE670}.Debug|Any CPU.Build.0 = Debug|Any CPU
		{04B5C3AB-A55C-4F3C-9DBC-A652008EE670}.Release|Any CPU.ActiveCfg = Release|Any CPU
		{04B5C3AB-A55C-4F3C-9DBC-A652008EE670}.Release|Any CPU.Build.0 = Release|Any CPU
		{730A8F34-F3AA-4026-BACC-BA75FD3EECC2}.Debug|Any CPU.ActiveCfg = Debug|Any CPU
		{730A8F34-F3AA-4026-BACC-BA75FD3EECC2}.Debug|Any CPU.Build.0 = Debug|Any CPU
		{730A8F34-F3AA-4026-BACC-BA75FD3EECC2}.Release|Any CPU.ActiveCfg = Release|Any CPU
		{730A8F34-F3AA-4026-BACC-BA75FD3EECC2}.Release|Any CPU.Build.0 = Release|Any CPU
	EndGlobalSection
	GlobalSection(SolutionProperties) = preSolution
		HideSolutionNode = FALSE
	EndGlobalSection
	GlobalSection(NestedProjects) = preSolution
		{6300CB19-C2A1-46F9-8657-C52ECBB03529} = {2AE1B177-580C-44F1-9514-B3F23F4B1433}
		{04B5C3AB-A55C-4F3C-9DBC-A652008EE670} = {2AE1B177-580C-44F1-9514-B3F23F4B1433}
	EndGlobalSection
	GlobalSection(ExtensibilityGlobals) = postSolution
		SolutionGuid = {EE843F86-C2BD-4003-AD9C-632788EFDC1A}
	EndGlobalSection
EndGlobal
